PODS:
  - DateToolsSwift (2.0.3)
  - Kingfisher (3.10.3)

DEPENDENCIES:
  - DateToolsSwift (= 2.0.3)
  - Kingfisher (= 3.10.3)

SPEC CHECKSUMS:
  DateToolsSwift: bf69bf9056d9e53c5c03f06e51f219b9b8b02f9e
  Kingfisher: a0ac82dc5bcf0388dd74b294cf2cc13730c63436

PODFILE CHECKSUM: 601702a6a42a5b013b58e2f7ad16a75fdf7c90d6

COCOAPODS: 1.2.1
