// !$*UTF8*$!
{
	archiveVersion = 1;
	classes = {
	};
	objectVersion = 46;
	objects = {

/* Begin PBXBuildFile section */
		7F735609AFA3A3B9F2D29E8E /* Pods_10000ui_swift.framework in Frameworks */ = {isa = PBXBuildFile; fileRef = BF0A2CDE384FF744D220403E /* Pods_10000ui_swift.framework */; };
		8410091421ACE8A700BAA7DF /* PopoverViewController.swift in Sources */ = {isa = PBXBuildFile; fileRef = 8410091321ACE8A700BAA7DF /* PopoverViewController.swift */; };
		8410091721ACF62D00BAA7DF /* SlideMenuSampleViewController.swift in Sources */ = {isa = PBXBuildFile; fileRef = 8410091621ACF62D00BAA7DF /* SlideMenuSampleViewController.swift */; };
		8410091921ACF65500BAA7DF /* SlideMenu.storyboard in Resources */ = {isa = PBXBuildFile; fileRef = 8410091821ACF65500BAA7DF /* SlideMenu.storyboard */; };
		8410091F21ACF91200BAA7DF /* SlideMenuViewController.swift in Sources */ = {isa = PBXBuildFile; fileRef = 8410091B21ACF91200BAA7DF /* SlideMenuViewController.swift */; };
		8410092021ACF91200BAA7DF /* SlideCollectionCell.swift in Sources */ = {isa = PBXBuildFile; fileRef = 8410091C21ACF91200BAA7DF /* SlideCollectionCell.swift */; };
		8410092121ACF91200BAA7DF /* MenuCollectionCell.swift in Sources */ = {isa = PBXBuildFile; fileRef = 8410091D21ACF91200BAA7DF /* MenuCollectionCell.swift */; };
		8410092221ACF91200BAA7DF /* SlideMenuViewController.storyboard in Resources */ = {isa = PBXBuildFile; fileRef = 8410091E21ACF91200BAA7DF /* SlideMenuViewController.storyboard */; };
		8417091422A0E4E600BFE2AC /* NavigationBarChangable.swift in Sources */ = {isa = PBXBuildFile; fileRef = 8417091322A0E4E600BFE2AC /* NavigationBarChangable.swift */; };
		84257A0E1F999F2F00B1A7E5 /* FadingLabelSampleViewController.swift in Sources */ = {isa = PBXBuildFile; fileRef = 84257A0D1F999F2F00B1A7E5 /* FadingLabelSampleViewController.swift */; };
		84257A101F999FB100B1A7E5 /* FadingLabel.storyboard in Resources */ = {isa = PBXBuildFile; fileRef = 84257A0F1F999FB100B1A7E5 /* FadingLabel.storyboard */; };
		8428DD0B204035E9008303C4 /* PullingHeader.storyboard in Resources */ = {isa = PBXBuildFile; fileRef = 8428DD0A204035E9008303C4 /* PullingHeader.storyboard */; };
		8428DD0E20403628008303C4 /* PullingHeaderSampleViewController.swift in Sources */ = {isa = PBXBuildFile; fileRef = 8428DD0D20403628008303C4 /* PullingHeaderSampleViewController.swift */; };
		8428DD1020403783008303C4 /* PullingHeader.swift in Sources */ = {isa = PBXBuildFile; fileRef = 8428DD0F20403783008303C4 /* PullingHeader.swift */; };
		8428DD1420414FC2008303C4 /* PullToFreshView.swift in Sources */ = {isa = PBXBuildFile; fileRef = 8428DD1320414FC2008303C4 /* PullToFreshView.swift */; };
		8428DD1620415097008303C4 /* PullToTransitionViewController.swift in Sources */ = {isa = PBXBuildFile; fileRef = 8428DD1520415097008303C4 /* PullToTransitionViewController.swift */; };
		8428DD192043B58D008303C4 /* String+bs.swift in Sources */ = {isa = PBXBuildFile; fileRef = 8428DD182043B58D008303C4 /* String+bs.swift */; };
		8428DD1C2043BF37008303C4 /* DynamicGravityTransitionAnimator.swift in Sources */ = {isa = PBXBuildFile; fileRef = 8428DD1B2043BF37008303C4 /* DynamicGravityTransitionAnimator.swift */; };
		842EC9C320197DF300C1B69A /* PetalLayoutSampleCollectionCell.swift in Sources */ = {isa = PBXBuildFile; fileRef = 842EC9BE20197DF200C1B69A /* PetalLayoutSampleCollectionCell.swift */; };
		842EC9C420197DF300C1B69A /* PetalLayoutSampleViewController.swift in Sources */ = {isa = PBXBuildFile; fileRef = 842EC9BF20197DF200C1B69A /* PetalLayoutSampleViewController.swift */; };
		842EC9C520197DF300C1B69A /* PetalLayout.swift in Sources */ = {isa = PBXBuildFile; fileRef = 842EC9C120197DF200C1B69A /* PetalLayout.swift */; };
		842EC9C620197DF300C1B69A /* PetalLayout.storyboard in Resources */ = {isa = PBXBuildFile; fileRef = 842EC9C220197DF200C1B69A /* PetalLayout.storyboard */; };
		84329F041F3D4F47008AD0B4 /* AppDelegate.swift in Sources */ = {isa = PBXBuildFile; fileRef = 84329F031F3D4F47008AD0B4 /* AppDelegate.swift */; };
		84329F091F3D4F47008AD0B4 /* Main.storyboard in Resources */ = {isa = PBXBuildFile; fileRef = 84329F071F3D4F47008AD0B4 /* Main.storyboard */; };
		84329F0B1F3D4F47008AD0B4 /* Assets.xcassets in Resources */ = {isa = PBXBuildFile; fileRef = 84329F0A1F3D4F47008AD0B4 /* Assets.xcassets */; };
		84329F0E1F3D4F47008AD0B4 /* LaunchScreen.storyboard in Resources */ = {isa = PBXBuildFile; fileRef = 84329F0C1F3D4F47008AD0B4 /* LaunchScreen.storyboard */; };
		84329F3E1F3D54A7008AD0B4 /* TableViewController.swift in Sources */ = {isa = PBXBuildFile; fileRef = 84329F3D1F3D54A7008AD0B4 /* TableViewController.swift */; };
		844502442098756C0072DD5E /* AnimationSlider.storyboard in Resources */ = {isa = PBXBuildFile; fileRef = 844502432098756C0072DD5E /* AnimationSlider.storyboard */; };
		84450246209875800072DD5E /* AnimationSliderSampleViewController.swift in Sources */ = {isa = PBXBuildFile; fileRef = 84450245209875800072DD5E /* AnimationSliderSampleViewController.swift */; };
		84450249209875940072DD5E /* AnimationSlider.swift in Sources */ = {isa = PBXBuildFile; fileRef = 84450248209875940072DD5E /* AnimationSlider.swift */; };
		8447F2EE1FB1A40200471BB4 /* UINavigationController+bs.swift in Sources */ = {isa = PBXBuildFile; fileRef = 8447F2ED1FB1A40200471BB4 /* UINavigationController+bs.swift */; };
		8457E6261F3D5D9C00781302 /* Adaptable.swift in Sources */ = {isa = PBXBuildFile; fileRef = 8457E6231F3D5D9C00781302 /* Adaptable.swift */; };
		8457E6271F3D5D9C00781302 /* Namespace.swift in Sources */ = {isa = PBXBuildFile; fileRef = 8457E6241F3D5D9C00781302 /* Namespace.swift */; };
		845CA89C1F453298003594C6 /* CGFloat+bs.swift in Sources */ = {isa = PBXBuildFile; fileRef = 845CA8961F453298003594C6 /* CGFloat+bs.swift */; };
		845CA89D1F453298003594C6 /* CGPoint+bs.swift in Sources */ = {isa = PBXBuildFile; fileRef = 845CA8971F453298003594C6 /* CGPoint+bs.swift */; };
		845CA89E1F453298003594C6 /* UIImage+bs.swift in Sources */ = {isa = PBXBuildFile; fileRef = 845CA89A1F453298003594C6 /* UIImage+bs.swift */; };
		845CA89F1F453298003594C6 /* UIViewController+bs.swift in Sources */ = {isa = PBXBuildFile; fileRef = 845CA89B1F453298003594C6 /* UIViewController+bs.swift */; };
		846155611FA039BB006F9BE4 /* FadingLabel.swift in Sources */ = {isa = PBXBuildFile; fileRef = 846155601FA039BB006F9BE4 /* FadingLabel.swift */; };
		84656E081F8B113D0030D69D /* NumbersViewSampleViewController.swift in Sources */ = {isa = PBXBuildFile; fileRef = 84656E071F8B113D0030D69D /* NumbersViewSampleViewController.swift */; };
		84656E0A1F8B13C20030D69D /* NumbersViewSampleCollectionCell.swift in Sources */ = {isa = PBXBuildFile; fileRef = 84656E091F8B13C20030D69D /* NumbersViewSampleCollectionCell.swift */; };
		84656E0C1F8B1C0D0030D69D /* NSObject+bs.swift in Sources */ = {isa = PBXBuildFile; fileRef = 84656E0B1F8B1C0D0030D69D /* NSObject+bs.swift */; };
		84656E151F8B29FB0030D69D /* NSString+BSNumbersView.m in Sources */ = {isa = PBXBuildFile; fileRef = 84656E131F8B29FB0030D69D /* NSString+BSNumbersView.m */; };
		8475033B1FAC5D6A008CFF86 /* LayerPercentDrivenInteractiveTransition.swift in Sources */ = {isa = PBXBuildFile; fileRef = 8475033A1FAC5D6A008CFF86 /* LayerPercentDrivenInteractiveTransition.swift */; };
		8475033D1FAFFF82008CFF86 /* CircularRevealTransitionAnimator.swift in Sources */ = {isa = PBXBuildFile; fileRef = 8475033C1FAFFF82008CFF86 /* CircularRevealTransitionAnimator.swift */; };
		8475033F1FB00247008CFF86 /* CircularRevealTransitionInteractiveController.swift in Sources */ = {isa = PBXBuildFile; fileRef = 8475033E1FB00247008CFF86 /* CircularRevealTransitionInteractiveController.swift */; };
		8486B0B91F6FC9E2002C3FE2 /* SeparatorLabel.storyboard in Resources */ = {isa = PBXBuildFile; fileRef = 8486B0B01F6FC9E2002C3FE2 /* SeparatorLabel.storyboard */; };
		8486B0BA1F6FC9E2002C3FE2 /* SeparatorLabelSampleViewController.swift in Sources */ = {isa = PBXBuildFile; fileRef = 8486B0B11F6FC9E2002C3FE2 /* SeparatorLabelSampleViewController.swift */; };
		8486B0BC1F6FC9E2002C3FE2 /* CircleSlider.storyboard in Resources */ = {isa = PBXBuildFile; fileRef = 8486B0B61F6FC9E2002C3FE2 /* CircleSlider.storyboard */; };
		8486B0BD1F6FC9E2002C3FE2 /* CircleSliderSampleViewController.swift in Sources */ = {isa = PBXBuildFile; fileRef = 8486B0B71F6FC9E2002C3FE2 /* CircleSliderSampleViewController.swift */; };
		8486B1211F6FCCDB002C3FE2 /* BSNumbersCollectionCell.m in Sources */ = {isa = PBXBuildFile; fileRef = 8486B10C1F6FCCDA002C3FE2 /* BSNumbersCollectionCell.m */; };
		8486B1221F6FCCDB002C3FE2 /* BSNumbersCollectionHeaderView.m in Sources */ = {isa = PBXBuildFile; fileRef = 8486B10E1F6FCCDA002C3FE2 /* BSNumbersCollectionHeaderView.m */; };
		8486B1231F6FCCDB002C3FE2 /* BSNumbersView.m in Sources */ = {isa = PBXBuildFile; fileRef = 8486B1101F6FCCDA002C3FE2 /* BSNumbersView.m */; };
		8486B1261F6FCCDB002C3FE2 /* flights_info.plist in Resources */ = {isa = PBXBuildFile; fileRef = 8486B1171F6FCCDA002C3FE2 /* flights_info.plist */; };
		8486B1271F6FCCDB002C3FE2 /* Flight.m in Sources */ = {isa = PBXBuildFile; fileRef = 8486B11A1F6FCCDA002C3FE2 /* Flight.m */; };
		8486B1281F6FCCDB002C3FE2 /* NumbersView.storyboard in Resources */ = {isa = PBXBuildFile; fileRef = 8486B11B1F6FCCDA002C3FE2 /* NumbersView.storyboard */; };
		8486B12B1F6FCCDB002C3FE2 /* NumbersViewSampleCollectionCell.xib in Resources */ = {isa = PBXBuildFile; fileRef = 8486B1201F6FCCDB002C3FE2 /* NumbersViewSampleCollectionCell.xib */; };
		8486B12E1F6FCE6C002C3FE2 /* SeparatorLabel.swift in Sources */ = {isa = PBXBuildFile; fileRef = 8486B12D1F6FCE6C002C3FE2 /* SeparatorLabel.swift */; };
		8486B1311F6FCE73002C3FE2 /* CircleSlider.swift in Sources */ = {isa = PBXBuildFile; fileRef = 8486B1301F6FCE73002C3FE2 /* CircleSlider.swift */; };
		8486B15D1F6FCFF1002C3FE2 /* CalendarDay.swift in Sources */ = {isa = PBXBuildFile; fileRef = 8486B1501F6FCFF1002C3FE2 /* CalendarDay.swift */; };
		8486B15E1F6FCFF1002C3FE2 /* CalendarDayCollectionCell.swift in Sources */ = {isa = PBXBuildFile; fileRef = 8486B1511F6FCFF1002C3FE2 /* CalendarDayCollectionCell.swift */; };
		8486B15F1F6FCFF1002C3FE2 /* CalendarDayCollectionReusableHeaderView.swift in Sources */ = {isa = PBXBuildFile; fileRef = 8486B1521F6FCFF1002C3FE2 /* CalendarDayCollectionReusableHeaderView.swift */; };
		8486B1601F6FCFF1002C3FE2 /* CalendarManager.swift in Sources */ = {isa = PBXBuildFile; fileRef = 8486B1531F6FCFF1002C3FE2 /* CalendarManager.swift */; };
		8486B1611F6FCFF1002C3FE2 /* CalendarMonth.swift in Sources */ = {isa = PBXBuildFile; fileRef = 8486B1541F6FCFF1002C3FE2 /* CalendarMonth.swift */; };
		8486B1621F6FCFF1002C3FE2 /* CalendarMonthCollectionCell.swift in Sources */ = {isa = PBXBuildFile; fileRef = 8486B1551F6FCFF1002C3FE2 /* CalendarMonthCollectionCell.swift */; };
		8486B1631F6FCFF1002C3FE2 /* CalendarMonthSelectView.swift in Sources */ = {isa = PBXBuildFile; fileRef = 8486B1561F6FCFF1002C3FE2 /* CalendarMonthSelectView.swift */; };
		8486B1641F6FCFF1002C3FE2 /* CalendarPreference.swift in Sources */ = {isa = PBXBuildFile; fileRef = 8486B1571F6FCFF1002C3FE2 /* CalendarPreference.swift */; };
		8486B1651F6FCFF1002C3FE2 /* CalendarView.swift in Sources */ = {isa = PBXBuildFile; fileRef = 8486B1581F6FCFF1002C3FE2 /* CalendarView.swift */; };
		8486B1661F6FCFF1002C3FE2 /* Date+CalendarView.swift in Sources */ = {isa = PBXBuildFile; fileRef = 8486B1591F6FCFF1002C3FE2 /* Date+CalendarView.swift */; };
		8486B1681F6FCFF1002C3FE2 /* CalendarView.storyboard in Resources */ = {isa = PBXBuildFile; fileRef = 8486B15B1F6FCFF1002C3FE2 /* CalendarView.storyboard */; };
		8486B1691F6FCFF1002C3FE2 /* CalendarViewSampleViewController.swift in Sources */ = {isa = PBXBuildFile; fileRef = 8486B15C1F6FCFF1002C3FE2 /* CalendarViewSampleViewController.swift */; };
		8486B18C1F6FD115002C3FE2 /* UIView+bs.swift in Sources */ = {isa = PBXBuildFile; fileRef = 8486B18B1F6FD115002C3FE2 /* UIView+bs.swift */; };
		8486B19A1F70B5AD002C3FE2 /* CycleThroughView.storyboard in Resources */ = {isa = PBXBuildFile; fileRef = 8486B1911F70B5AD002C3FE2 /* CycleThroughView.storyboard */; };
		8486B19B1F70B5AD002C3FE2 /* CycleThroughSampleViewController.swift in Sources */ = {isa = PBXBuildFile; fileRef = 8486B1921F70B5AD002C3FE2 /* CycleThroughSampleViewController.swift */; };
		8486B1A71F70B879002C3FE2 /* BSRaceLampView.m in Sources */ = {isa = PBXBuildFile; fileRef = 8486B1A31F70B879002C3FE2 /* BSRaceLampView.m */; };
		8486B1A81F70B879002C3FE2 /* RaceLampView.storyboard in Resources */ = {isa = PBXBuildFile; fileRef = 8486B1A41F70B879002C3FE2 /* RaceLampView.storyboard */; };
		84A4894B223A42BF00A8D124 /* UICollectionViewFlowLayout+NameBox.swift in Sources */ = {isa = PBXBuildFile; fileRef = 84A4894A223A42BF00A8D124 /* UICollectionViewFlowLayout+NameBox.swift */; };
		84A48952223A5AAA00A8D124 /* TimeInterval+bs.swift in Sources */ = {isa = PBXBuildFile; fileRef = 84A48951223A5AAA00A8D124 /* TimeInterval+bs.swift */; };
		84A48957223A5D8000A8D124 /* UIImage+BSCategory.m in Sources */ = {isa = PBXBuildFile; fileRef = 84A48956223A5D8000A8D124 /* UIImage+BSCategory.m */; };
		84A48965223A60E800A8D124 /* PhotosSelectItem.swift in Sources */ = {isa = PBXBuildFile; fileRef = 84A4895A223A60E800A8D124 /* PhotosSelectItem.swift */; };
		84A48966223A60E800A8D124 /* AlbumsSelectTableCell.swift in Sources */ = {isa = PBXBuildFile; fileRef = 84A4895B223A60E800A8D124 /* AlbumsSelectTableCell.swift */; };
		84A48967223A60E800A8D124 /* PhotosManager.swift in Sources */ = {isa = PBXBuildFile; fileRef = 84A4895D223A60E800A8D124 /* PhotosManager.swift */; };
		84A48968223A60E800A8D124 /* PhotosImageRequester.swift in Sources */ = {isa = PBXBuildFile; fileRef = 84A4895E223A60E800A8D124 /* PhotosImageRequester.swift */; };
		84A48969223A60E800A8D124 /* PhotosSelectCollectionCell.swift in Sources */ = {isa = PBXBuildFile; fileRef = 84A4895F223A60E800A8D124 /* PhotosSelectCollectionCell.swift */; };
		84A4896A223A60E800A8D124 /* PhotosSelectViewController.swift in Sources */ = {isa = PBXBuildFile; fileRef = 84A48960223A60E800A8D124 /* PhotosSelectViewController.swift */; };
		84A4896B223A60E800A8D124 /* AuthorizationManager.swift in Sources */ = {isa = PBXBuildFile; fileRef = 84A48962223A60E800A8D124 /* AuthorizationManager.swift */; };
		84A4896C223A60E800A8D124 /* PhotosSelectViewController.storyboard in Resources */ = {isa = PBXBuildFile; fileRef = 84A48963223A60E800A8D124 /* PhotosSelectViewController.storyboard */; };
		84A4896D223A60E800A8D124 /* AlbumsSelectViewController.swift in Sources */ = {isa = PBXBuildFile; fileRef = 84A48964223A60E800A8D124 /* AlbumsSelectViewController.swift */; };
		84A4896F223A60F700A8D124 /* PhotosSelect.storyboard in Resources */ = {isa = PBXBuildFile; fileRef = 84A4896E223A60F700A8D124 /* PhotosSelect.storyboard */; };
		84A48971223A611700A8D124 /* PhotosSelectSampleViewController.swift in Sources */ = {isa = PBXBuildFile; fileRef = 84A48970223A611700A8D124 /* PhotosSelectSampleViewController.swift */; };
		84B29596201B34ED0040FB56 /* PetalLayoutCircleAttributes.swift in Sources */ = {isa = PBXBuildFile; fileRef = 84B29595201B34ED0040FB56 /* PetalLayoutCircleAttributes.swift */; };
		84B4D4C11F7E3FCB00FC85BE /* CycleThroughCollectionCell.swift in Sources */ = {isa = PBXBuildFile; fileRef = 84B4D4BF1F7E3FCB00FC85BE /* CycleThroughCollectionCell.swift */; };
		84B4D4C21F7E3FCB00FC85BE /* CycleThroughView.swift in Sources */ = {isa = PBXBuildFile; fileRef = 84B4D4C01F7E3FCB00FC85BE /* CycleThroughView.swift */; };
		84B7660A1F7E45460042B682 /* RaceLampViewSampleViewController.swift in Sources */ = {isa = PBXBuildFile; fileRef = 84B766091F7E45460042B682 /* RaceLampViewSampleViewController.swift */; };
		84B8DF821FAAFABC006D3258 /* CircularRevealTransition.storyboard in Resources */ = {isa = PBXBuildFile; fileRef = 84B8DF811FAAFABC006D3258 /* CircularRevealTransition.storyboard */; };
		84B8DF841FAAFAD4006D3258 /* CircularRevealTransitionSampleViewController.swift in Sources */ = {isa = PBXBuildFile; fileRef = 84B8DF831FAAFAD4006D3258 /* CircularRevealTransitionSampleViewController.swift */; };
		84B8DF871FAAFC40006D3258 /* CircularRevealTransition.swift in Sources */ = {isa = PBXBuildFile; fileRef = 84B8DF861FAAFC40006D3258 /* CircularRevealTransition.swift */; };
		84B8DF8B1FAAFE41006D3258 /* CircularRevealTransitionSampleViewController2.swift in Sources */ = {isa = PBXBuildFile; fileRef = 84B8DF8A1FAAFE41006D3258 /* CircularRevealTransitionSampleViewController2.swift */; };
		84BE367B1FCFA61B005F81D0 /* RectFillLabel.swift in Sources */ = {isa = PBXBuildFile; fileRef = 84BE367A1FCFA61B005F81D0 /* RectFillLabel.swift */; };
		84BE367E1FCFA82C005F81D0 /* RectFillLabelSampleViewController.swift in Sources */ = {isa = PBXBuildFile; fileRef = 84BE367D1FCFA82C005F81D0 /* RectFillLabelSampleViewController.swift */; };
		84BE36801FCFA841005F81D0 /* RectFillLabel.storyboard in Resources */ = {isa = PBXBuildFile; fileRef = 84BE367F1FCFA841005F81D0 /* RectFillLabel.storyboard */; };
		84BE36821FCFA9D7005F81D0 /* group_info.plist in Resources */ = {isa = PBXBuildFile; fileRef = 84BE36811FCFA9D7005F81D0 /* group_info.plist */; };
		84C387A81F8DCF80009F3076 /* LoadingViewController.storyboard in Resources */ = {isa = PBXBuildFile; fileRef = 84C387A71F8DCF80009F3076 /* LoadingViewController.storyboard */; };
		84C387AB1F8DCFE3009F3076 /* LoadingView.swift in Sources */ = {isa = PBXBuildFile; fileRef = 84C387AA1F8DCFE3009F3076 /* LoadingView.swift */; };
		84C387AD1F8DF1B4009F3076 /* LoadingViewController.swift in Sources */ = {isa = PBXBuildFile; fileRef = 84C387AC1F8DF1B4009F3076 /* LoadingViewController.swift */; };
		84C387AF1F8DF30F009F3076 /* LoadingViewControllerSampleViewController.swift in Sources */ = {isa = PBXBuildFile; fileRef = 84C387AE1F8DF30F009F3076 /* LoadingViewControllerSampleViewController.swift */; };
		84C3FCC21F8B7DA9009E24D3 /* BSIndexPath.m in Sources */ = {isa = PBXBuildFile; fileRef = 84C3FCC11F8B7DA9009E24D3 /* BSIndexPath.m */; };
		84C3FCFA1F8CAE25009E24D3 /* UIColor+bs.swift in Sources */ = {isa = PBXBuildFile; fileRef = 84C3FCF91F8CAE25009E24D3 /* UIColor+bs.swift */; };
		84C3FD071F8CB36D009E24D3 /* DialogAction.swift in Sources */ = {isa = PBXBuildFile; fileRef = 84C3FCFD1F8CB36C009E24D3 /* DialogAction.swift */; };
		84C3FD081F8CB36D009E24D3 /* DialogImageStyleView.swift in Sources */ = {isa = PBXBuildFile; fileRef = 84C3FCFE1F8CB36C009E24D3 /* DialogImageStyleView.swift */; };
		84C3FD091F8CB36D009E24D3 /* DialogImageStyleView.xib in Resources */ = {isa = PBXBuildFile; fileRef = 84C3FCFF1F8CB36C009E24D3 /* DialogImageStyleView.xib */; };
		84C3FD0A1F8CB36D009E24D3 /* DialogTextStyleView.swift in Sources */ = {isa = PBXBuildFile; fileRef = 84C3FD001F8CB36C009E24D3 /* DialogTextStyleView.swift */; };
		84C3FD0B1F8CB36D009E24D3 /* DialogTextStyleView.xib in Resources */ = {isa = PBXBuildFile; fileRef = 84C3FD011F8CB36C009E24D3 /* DialogTextStyleView.xib */; };
		84C3FD0C1F8CB36D009E24D3 /* DialogViewContentView.swift in Sources */ = {isa = PBXBuildFile; fileRef = 84C3FD021F8CB36C009E24D3 /* DialogViewContentView.swift */; };
		84C3FD0D1F8CB36D009E24D3 /* DialogViewContentView.xib in Resources */ = {isa = PBXBuildFile; fileRef = 84C3FD031F8CB36C009E24D3 /* DialogViewContentView.xib */; };
		84C3FD0E1F8CB36D009E24D3 /* DialogViewController.swift in Sources */ = {isa = PBXBuildFile; fileRef = 84C3FD041F8CB36C009E24D3 /* DialogViewController.swift */; };
		84C3FD0F1F8CB36D009E24D3 /* DialogViewController.storyboard in Resources */ = {isa = PBXBuildFile; fileRef = 84C3FD051F8CB36C009E24D3 /* DialogViewController.storyboard */; };
		84C3FD101F8CB36D009E24D3 /* DialogViewControllerSampleViewController.swift in Sources */ = {isa = PBXBuildFile; fileRef = 84C3FD061F8CB36C009E24D3 /* DialogViewControllerSampleViewController.swift */; };
/* End PBXBuildFile section */

/* Begin PBXFileReference section */
		78DEACC071D6AC0C2D52449D /* Pods-10000ui-swift.debug.xcconfig */ = {isa = PBXFileReference; includeInIndex = 1; lastKnownFileType = text.xcconfig; name = "Pods-10000ui-swift.debug.xcconfig"; path = "Pods/Target Support Files/Pods-10000ui-swift/Pods-10000ui-swift.debug.xcconfig"; sourceTree = "<group>"; };
		8410091321ACE8A700BAA7DF /* PopoverViewController.swift */ = {isa = PBXFileReference; fileEncoding = 4; lastKnownFileType = sourcecode.swift; path = PopoverViewController.swift; sourceTree = "<group>"; };
		8410091621ACF62D00BAA7DF /* SlideMenuSampleViewController.swift */ = {isa = PBXFileReference; lastKnownFileType = sourcecode.swift; path = SlideMenuSampleViewController.swift; sourceTree = "<group>"; };
		8410091821ACF65500BAA7DF /* SlideMenu.storyboard */ = {isa = PBXFileReference; lastKnownFileType = file.storyboard; path = SlideMenu.storyboard; sourceTree = "<group>"; };
		8410091B21ACF91200BAA7DF /* SlideMenuViewController.swift */ = {isa = PBXFileReference; fileEncoding = 4; lastKnownFileType = sourcecode.swift; path = SlideMenuViewController.swift; sourceTree = "<group>"; };
		8410091C21ACF91200BAA7DF /* SlideCollectionCell.swift */ = {isa = PBXFileReference; fileEncoding = 4; lastKnownFileType = sourcecode.swift; path = SlideCollectionCell.swift; sourceTree = "<group>"; };
		8410091D21ACF91200BAA7DF /* MenuCollectionCell.swift */ = {isa = PBXFileReference; fileEncoding = 4; lastKnownFileType = sourcecode.swift; path = MenuCollectionCell.swift; sourceTree = "<group>"; };
		8410091E21ACF91200BAA7DF /* SlideMenuViewController.storyboard */ = {isa = PBXFileReference; fileEncoding = 4; lastKnownFileType = file.storyboard; path = SlideMenuViewController.storyboard; sourceTree = "<group>"; };
		8417091322A0E4E600BFE2AC /* NavigationBarChangable.swift */ = {isa = PBXFileReference; fileEncoding = 4; lastKnownFileType = sourcecode.swift; path = NavigationBarChangable.swift; sourceTree = "<group>"; };
		84257A0D1F999F2F00B1A7E5 /* FadingLabelSampleViewController.swift */ = {isa = PBXFileReference; lastKnownFileType = sourcecode.swift; path = FadingLabelSampleViewController.swift; sourceTree = "<group>"; };
		84257A0F1F999FB100B1A7E5 /* FadingLabel.storyboard */ = {isa = PBXFileReference; lastKnownFileType = file.storyboard; path = FadingLabel.storyboard; sourceTree = "<group>"; };
		8428DD0A204035E9008303C4 /* PullingHeader.storyboard */ = {isa = PBXFileReference; lastKnownFileType = file.storyboard; path = PullingHeader.storyboard; sourceTree = "<group>"; };
		8428DD0D20403628008303C4 /* PullingHeaderSampleViewController.swift */ = {isa = PBXFileReference; lastKnownFileType = sourcecode.swift; path = PullingHeaderSampleViewController.swift; sourceTree = "<group>"; };
		8428DD0F20403783008303C4 /* PullingHeader.swift */ = {isa = PBXFileReference; lastKnownFileType = sourcecode.swift; path = PullingHeader.swift; sourceTree = "<group>"; };
		8428DD1320414FC2008303C4 /* PullToFreshView.swift */ = {isa = PBXFileReference; lastKnownFileType = sourcecode.swift; path = PullToFreshView.swift; sourceTree = "<group>"; };
		8428DD1520415097008303C4 /* PullToTransitionViewController.swift */ = {isa = PBXFileReference; lastKnownFileType = sourcecode.swift; path = PullToTransitionViewController.swift; sourceTree = "<group>"; };
		8428DD182043B58D008303C4 /* String+bs.swift */ = {isa = PBXFileReference; lastKnownFileType = sourcecode.swift; path = "String+bs.swift"; sourceTree = "<group>"; };
		8428DD1B2043BF37008303C4 /* DynamicGravityTransitionAnimator.swift */ = {isa = PBXFileReference; lastKnownFileType = sourcecode.swift; path = DynamicGravityTransitionAnimator.swift; sourceTree = "<group>"; };
		842EC9BE20197DF200C1B69A /* PetalLayoutSampleCollectionCell.swift */ = {isa = PBXFileReference; fileEncoding = 4; lastKnownFileType = sourcecode.swift; path = PetalLayoutSampleCollectionCell.swift; sourceTree = "<group>"; };
		842EC9BF20197DF200C1B69A /* PetalLayoutSampleViewController.swift */ = {isa = PBXFileReference; fileEncoding = 4; lastKnownFileType = sourcecode.swift; path = PetalLayoutSampleViewController.swift; sourceTree = "<group>"; };
		842EC9C120197DF200C1B69A /* PetalLayout.swift */ = {isa = PBXFileReference; fileEncoding = 4; lastKnownFileType = sourcecode.swift; path = PetalLayout.swift; sourceTree = "<group>"; };
		842EC9C220197DF200C1B69A /* PetalLayout.storyboard */ = {isa = PBXFileReference; fileEncoding = 4; lastKnownFileType = file.storyboard; path = PetalLayout.storyboard; sourceTree = "<group>"; };
		84329F001F3D4F47008AD0B4 /* 10000ui-swift.app */ = {isa = PBXFileReference; explicitFileType = wrapper.application; includeInIndex = 0; path = "10000ui-swift.app"; sourceTree = BUILT_PRODUCTS_DIR; };
		84329F031F3D4F47008AD0B4 /* AppDelegate.swift */ = {isa = PBXFileReference; lastKnownFileType = sourcecode.swift; path = AppDelegate.swift; sourceTree = "<group>"; };
		84329F081F3D4F47008AD0B4 /* Base */ = {isa = PBXFileReference; lastKnownFileType = file.storyboard; name = Base; path = Base.lproj/Main.storyboard; sourceTree = "<group>"; };
		84329F0A1F3D4F47008AD0B4 /* Assets.xcassets */ = {isa = PBXFileReference; lastKnownFileType = folder.assetcatalog; path = Assets.xcassets; sourceTree = "<group>"; };
		84329F0D1F3D4F47008AD0B4 /* Base */ = {isa = PBXFileReference; lastKnownFileType = file.storyboard; name = Base; path = Base.lproj/LaunchScreen.storyboard; sourceTree = "<group>"; };
		84329F0F1F3D4F47008AD0B4 /* Info.plist */ = {isa = PBXFileReference; lastKnownFileType = text.plist.xml; path = Info.plist; sourceTree = "<group>"; };
		84329F3D1F3D54A7008AD0B4 /* TableViewController.swift */ = {isa = PBXFileReference; fileEncoding = 4; lastKnownFileType = sourcecode.swift; path = TableViewController.swift; sourceTree = "<group>"; };
		844502432098756C0072DD5E /* AnimationSlider.storyboard */ = {isa = PBXFileReference; lastKnownFileType = file.storyboard; path = AnimationSlider.storyboard; sourceTree = "<group>"; };
		84450245209875800072DD5E /* AnimationSliderSampleViewController.swift */ = {isa = PBXFileReference; lastKnownFileType = sourcecode.swift; path = AnimationSliderSampleViewController.swift; sourceTree = "<group>"; };
		84450248209875940072DD5E /* AnimationSlider.swift */ = {isa = PBXFileReference; lastKnownFileType = sourcecode.swift; path = AnimationSlider.swift; sourceTree = "<group>"; };
		8447F2ED1FB1A40200471BB4 /* UINavigationController+bs.swift */ = {isa = PBXFileReference; lastKnownFileType = sourcecode.swift; path = "UINavigationController+bs.swift"; sourceTree = "<group>"; };
		8457E6231F3D5D9C00781302 /* Adaptable.swift */ = {isa = PBXFileReference; fileEncoding = 4; lastKnownFileType = sourcecode.swift; path = Adaptable.swift; sourceTree = "<group>"; };
		8457E6241F3D5D9C00781302 /* Namespace.swift */ = {isa = PBXFileReference; fileEncoding = 4; lastKnownFileType = sourcecode.swift; path = Namespace.swift; sourceTree = "<group>"; };
		845CA8961F453298003594C6 /* CGFloat+bs.swift */ = {isa = PBXFileReference; fileEncoding = 4; lastKnownFileType = sourcecode.swift; path = "CGFloat+bs.swift"; sourceTree = "<group>"; };
		845CA8971F453298003594C6 /* CGPoint+bs.swift */ = {isa = PBXFileReference; fileEncoding = 4; lastKnownFileType = sourcecode.swift; path = "CGPoint+bs.swift"; sourceTree = "<group>"; };
		845CA89A1F453298003594C6 /* UIImage+bs.swift */ = {isa = PBXFileReference; fileEncoding = 4; lastKnownFileType = sourcecode.swift; path = "UIImage+bs.swift"; sourceTree = "<group>"; };
		845CA89B1F453298003594C6 /* UIViewController+bs.swift */ = {isa = PBXFileReference; fileEncoding = 4; lastKnownFileType = sourcecode.swift; path = "UIViewController+bs.swift"; sourceTree = "<group>"; };
		846155601FA039BB006F9BE4 /* FadingLabel.swift */ = {isa = PBXFileReference; lastKnownFileType = sourcecode.swift; path = FadingLabel.swift; sourceTree = "<group>"; };
		84656E071F8B113D0030D69D /* NumbersViewSampleViewController.swift */ = {isa = PBXFileReference; lastKnownFileType = sourcecode.swift; path = NumbersViewSampleViewController.swift; sourceTree = "<group>"; };
		84656E091F8B13C20030D69D /* NumbersViewSampleCollectionCell.swift */ = {isa = PBXFileReference; lastKnownFileType = sourcecode.swift; path = NumbersViewSampleCollectionCell.swift; sourceTree = "<group>"; };
		84656E0B1F8B1C0D0030D69D /* NSObject+bs.swift */ = {isa = PBXFileReference; lastKnownFileType = sourcecode.swift; path = "NSObject+bs.swift"; sourceTree = "<group>"; };
		84656E131F8B29FB0030D69D /* NSString+BSNumbersView.m */ = {isa = PBXFileReference; fileEncoding = 4; lastKnownFileType = sourcecode.c.objc; path = "NSString+BSNumbersView.m"; sourceTree = "<group>"; };
		84656E141F8B29FB0030D69D /* NSString+BSNumbersView.h */ = {isa = PBXFileReference; fileEncoding = 4; lastKnownFileType = sourcecode.c.h; path = "NSString+BSNumbersView.h"; sourceTree = "<group>"; };
		8475033A1FAC5D6A008CFF86 /* LayerPercentDrivenInteractiveTransition.swift */ = {isa = PBXFileReference; lastKnownFileType = sourcecode.swift; path = LayerPercentDrivenInteractiveTransition.swift; sourceTree = "<group>"; };
		8475033C1FAFFF82008CFF86 /* CircularRevealTransitionAnimator.swift */ = {isa = PBXFileReference; lastKnownFileType = sourcecode.swift; path = CircularRevealTransitionAnimator.swift; sourceTree = "<group>"; };
		8475033E1FB00247008CFF86 /* CircularRevealTransitionInteractiveController.swift */ = {isa = PBXFileReference; lastKnownFileType = sourcecode.swift; path = CircularRevealTransitionInteractiveController.swift; sourceTree = "<group>"; };
		8486B0B01F6FC9E2002C3FE2 /* SeparatorLabel.storyboard */ = {isa = PBXFileReference; fileEncoding = 4; lastKnownFileType = file.storyboard; path = SeparatorLabel.storyboard; sourceTree = "<group>"; };
		8486B0B11F6FC9E2002C3FE2 /* SeparatorLabelSampleViewController.swift */ = {isa = PBXFileReference; fileEncoding = 4; lastKnownFileType = sourcecode.swift; path = SeparatorLabelSampleViewController.swift; sourceTree = "<group>"; };
		8486B0B61F6FC9E2002C3FE2 /* CircleSlider.storyboard */ = {isa = PBXFileReference; fileEncoding = 4; lastKnownFileType = file.storyboard; path = CircleSlider.storyboard; sourceTree = "<group>"; };
		8486B0B71F6FC9E2002C3FE2 /* CircleSliderSampleViewController.swift */ = {isa = PBXFileReference; fileEncoding = 4; lastKnownFileType = sourcecode.swift; path = CircleSliderSampleViewController.swift; sourceTree = "<group>"; };
		8486B0C31F6FCAC9002C3FE2 /* 10000ui-swift-Bridging-Header.h */ = {isa = PBXFileReference; fileEncoding = 4; lastKnownFileType = sourcecode.c.h; path = "10000ui-swift-Bridging-Header.h"; sourceTree = "<group>"; };
		8486B10B1F6FCCDA002C3FE2 /* BSNumbersCollectionCell.h */ = {isa = PBXFileReference; fileEncoding = 4; lastKnownFileType = sourcecode.c.h; path = BSNumbersCollectionCell.h; sourceTree = "<group>"; };
		8486B10C1F6FCCDA002C3FE2 /* BSNumbersCollectionCell.m */ = {isa = PBXFileReference; fileEncoding = 4; lastKnownFileType = sourcecode.c.objc; path = BSNumbersCollectionCell.m; sourceTree = "<group>"; };
		8486B10D1F6FCCDA002C3FE2 /* BSNumbersCollectionHeaderView.h */ = {isa = PBXFileReference; fileEncoding = 4; lastKnownFileType = sourcecode.c.h; path = BSNumbersCollectionHeaderView.h; sourceTree = "<group>"; };
		8486B10E1F6FCCDA002C3FE2 /* BSNumbersCollectionHeaderView.m */ = {isa = PBXFileReference; fileEncoding = 4; lastKnownFileType = sourcecode.c.objc; path = BSNumbersCollectionHeaderView.m; sourceTree = "<group>"; };
		8486B10F1F6FCCDA002C3FE2 /* BSNumbersView.h */ = {isa = PBXFileReference; fileEncoding = 4; lastKnownFileType = sourcecode.c.h; path = BSNumbersView.h; sourceTree = "<group>"; };
		8486B1101F6FCCDA002C3FE2 /* BSNumbersView.m */ = {isa = PBXFileReference; fileEncoding = 4; lastKnownFileType = sourcecode.c.objc; path = BSNumbersView.m; sourceTree = "<group>"; };
		8486B1111F6FCCDA002C3FE2 /* BSNumbersViewEnum.h */ = {isa = PBXFileReference; fileEncoding = 4; lastKnownFileType = sourcecode.c.h; path = BSNumbersViewEnum.h; sourceTree = "<group>"; };
		8486B1121F6FCCDA002C3FE2 /* BSNumbersViewMarcos.h */ = {isa = PBXFileReference; fileEncoding = 4; lastKnownFileType = sourcecode.c.h; path = BSNumbersViewMarcos.h; sourceTree = "<group>"; };
		8486B1171F6FCCDA002C3FE2 /* flights_info.plist */ = {isa = PBXFileReference; fileEncoding = 4; lastKnownFileType = text.plist.xml; path = flights_info.plist; sourceTree = "<group>"; };
		8486B1191F6FCCDA002C3FE2 /* Flight.h */ = {isa = PBXFileReference; fileEncoding = 4; lastKnownFileType = sourcecode.c.h; path = Flight.h; sourceTree = "<group>"; };
		8486B11A1F6FCCDA002C3FE2 /* Flight.m */ = {isa = PBXFileReference; fileEncoding = 4; lastKnownFileType = sourcecode.c.objc; path = Flight.m; sourceTree = "<group>"; };
		8486B11B1F6FCCDA002C3FE2 /* NumbersView.storyboard */ = {isa = PBXFileReference; fileEncoding = 4; lastKnownFileType = file.storyboard; path = NumbersView.storyboard; sourceTree = "<group>"; };
		8486B1201F6FCCDB002C3FE2 /* NumbersViewSampleCollectionCell.xib */ = {isa = PBXFileReference; fileEncoding = 4; lastKnownFileType = file.xib; path = NumbersViewSampleCollectionCell.xib; sourceTree = "<group>"; };
		8486B12D1F6FCE6C002C3FE2 /* SeparatorLabel.swift */ = {isa = PBXFileReference; fileEncoding = 4; lastKnownFileType = sourcecode.swift; path = SeparatorLabel.swift; sourceTree = "<group>"; };
		8486B1301F6FCE73002C3FE2 /* CircleSlider.swift */ = {isa = PBXFileReference; fileEncoding = 4; lastKnownFileType = sourcecode.swift; path = CircleSlider.swift; sourceTree = "<group>"; };
		8486B1501F6FCFF1002C3FE2 /* CalendarDay.swift */ = {isa = PBXFileReference; fileEncoding = 4; lastKnownFileType = sourcecode.swift; path = CalendarDay.swift; sourceTree = "<group>"; };
		8486B1511F6FCFF1002C3FE2 /* CalendarDayCollectionCell.swift */ = {isa = PBXFileReference; fileEncoding = 4; lastKnownFileType = sourcecode.swift; path = CalendarDayCollectionCell.swift; sourceTree = "<group>"; };
		8486B1521F6FCFF1002C3FE2 /* CalendarDayCollectionReusableHeaderView.swift */ = {isa = PBXFileReference; fileEncoding = 4; lastKnownFileType = sourcecode.swift; path = CalendarDayCollectionReusableHeaderView.swift; sourceTree = "<group>"; };
		8486B1531F6FCFF1002C3FE2 /* CalendarManager.swift */ = {isa = PBXFileReference; fileEncoding = 4; lastKnownFileType = sourcecode.swift; path = CalendarManager.swift; sourceTree = "<group>"; };
		8486B1541F6FCFF1002C3FE2 /* CalendarMonth.swift */ = {isa = PBXFileReference; fileEncoding = 4; lastKnownFileType = sourcecode.swift; path = CalendarMonth.swift; sourceTree = "<group>"; };
		8486B1551F6FCFF1002C3FE2 /* CalendarMonthCollectionCell.swift */ = {isa = PBXFileReference; fileEncoding = 4; lastKnownFileType = sourcecode.swift; path = CalendarMonthCollectionCell.swift; sourceTree = "<group>"; };
		8486B1561F6FCFF1002C3FE2 /* CalendarMonthSelectView.swift */ = {isa = PBXFileReference; fileEncoding = 4; lastKnownFileType = sourcecode.swift; path = CalendarMonthSelectView.swift; sourceTree = "<group>"; };
		8486B1571F6FCFF1002C3FE2 /* CalendarPreference.swift */ = {isa = PBXFileReference; fileEncoding = 4; lastKnownFileType = sourcecode.swift; path = CalendarPreference.swift; sourceTree = "<group>"; };
		8486B1581F6FCFF1002C3FE2 /* CalendarView.swift */ = {isa = PBXFileReference; fileEncoding = 4; lastKnownFileType = sourcecode.swift; path = CalendarView.swift; sourceTree = "<group>"; };
		8486B1591F6FCFF1002C3FE2 /* Date+CalendarView.swift */ = {isa = PBXFileReference; fileEncoding = 4; lastKnownFileType = sourcecode.swift; path = "Date+CalendarView.swift"; sourceTree = "<group>"; };
		8486B15B1F6FCFF1002C3FE2 /* CalendarView.storyboard */ = {isa = PBXFileReference; fileEncoding = 4; lastKnownFileType = file.storyboard; path = CalendarView.storyboard; sourceTree = "<group>"; };
		8486B15C1F6FCFF1002C3FE2 /* CalendarViewSampleViewController.swift */ = {isa = PBXFileReference; fileEncoding = 4; lastKnownFileType = sourcecode.swift; path = CalendarViewSampleViewController.swift; sourceTree = "<group>"; };
		8486B18B1F6FD115002C3FE2 /* UIView+bs.swift */ = {isa = PBXFileReference; fileEncoding = 4; lastKnownFileType = sourcecode.swift; path = "UIView+bs.swift"; sourceTree = "<group>"; };
		8486B1911F70B5AD002C3FE2 /* CycleThroughView.storyboard */ = {isa = PBXFileReference; fileEncoding = 4; lastKnownFileType = file.storyboard; path = CycleThroughView.storyboard; sourceTree = "<group>"; };
		8486B1921F70B5AD002C3FE2 /* CycleThroughSampleViewController.swift */ = {isa = PBXFileReference; fileEncoding = 4; lastKnownFileType = sourcecode.swift; path = CycleThroughSampleViewController.swift; sourceTree = "<group>"; };
		8486B1A21F70B879002C3FE2 /* BSRaceLampView.h */ = {isa = PBXFileReference; fileEncoding = 4; lastKnownFileType = sourcecode.c.h; path = BSRaceLampView.h; sourceTree = "<group>"; };
		8486B1A31F70B879002C3FE2 /* BSRaceLampView.m */ = {isa = PBXFileReference; fileEncoding = 4; lastKnownFileType = sourcecode.c.objc; path = BSRaceLampView.m; sourceTree = "<group>"; };
		8486B1A41F70B879002C3FE2 /* RaceLampView.storyboard */ = {isa = PBXFileReference; fileEncoding = 4; lastKnownFileType = file.storyboard; path = RaceLampView.storyboard; sourceTree = "<group>"; };
		84A4894A223A42BF00A8D124 /* UICollectionViewFlowLayout+NameBox.swift */ = {isa = PBXFileReference; fileEncoding = 4; lastKnownFileType = sourcecode.swift; path = "UICollectionViewFlowLayout+NameBox.swift"; sourceTree = "<group>"; };
		84A48951223A5AAA00A8D124 /* TimeInterval+bs.swift */ = {isa = PBXFileReference; lastKnownFileType = sourcecode.swift; path = "TimeInterval+bs.swift"; sourceTree = "<group>"; };
		84A48955223A5D8000A8D124 /* UIImage+BSCategory.h */ = {isa = PBXFileReference; fileEncoding = 4; lastKnownFileType = sourcecode.c.h; path = "UIImage+BSCategory.h"; sourceTree = "<group>"; };
		84A48956223A5D8000A8D124 /* UIImage+BSCategory.m */ = {isa = PBXFileReference; fileEncoding = 4; lastKnownFileType = sourcecode.c.objc; path = "UIImage+BSCategory.m"; sourceTree = "<group>"; };
		84A4895A223A60E800A8D124 /* PhotosSelectItem.swift */ = {isa = PBXFileReference; fileEncoding = 4; lastKnownFileType = sourcecode.swift; path = PhotosSelectItem.swift; sourceTree = "<group>"; };
		84A4895B223A60E800A8D124 /* AlbumsSelectTableCell.swift */ = {isa = PBXFileReference; fileEncoding = 4; lastKnownFileType = sourcecode.swift; path = AlbumsSelectTableCell.swift; sourceTree = "<group>"; };
		84A4895D223A60E800A8D124 /* PhotosManager.swift */ = {isa = PBXFileReference; fileEncoding = 4; lastKnownFileType = sourcecode.swift; path = PhotosManager.swift; sourceTree = "<group>"; };
		84A4895E223A60E800A8D124 /* PhotosImageRequester.swift */ = {isa = PBXFileReference; fileEncoding = 4; lastKnownFileType = sourcecode.swift; path = PhotosImageRequester.swift; sourceTree = "<group>"; };
		84A4895F223A60E800A8D124 /* PhotosSelectCollectionCell.swift */ = {isa = PBXFileReference; fileEncoding = 4; lastKnownFileType = sourcecode.swift; path = PhotosSelectCollectionCell.swift; sourceTree = "<group>"; };
		84A48960223A60E800A8D124 /* PhotosSelectViewController.swift */ = {isa = PBXFileReference; fileEncoding = 4; lastKnownFileType = sourcecode.swift; path = PhotosSelectViewController.swift; sourceTree = "<group>"; };
		84A48962223A60E800A8D124 /* AuthorizationManager.swift */ = {isa = PBXFileReference; fileEncoding = 4; lastKnownFileType = sourcecode.swift; path = AuthorizationManager.swift; sourceTree = "<group>"; };
		84A48963223A60E800A8D124 /* PhotosSelectViewController.storyboard */ = {isa = PBXFileReference; fileEncoding = 4; lastKnownFileType = file.storyboard; path = PhotosSelectViewController.storyboard; sourceTree = "<group>"; };
		84A48964223A60E800A8D124 /* AlbumsSelectViewController.swift */ = {isa = PBXFileReference; fileEncoding = 4; lastKnownFileType = sourcecode.swift; path = AlbumsSelectViewController.swift; sourceTree = "<group>"; };
		84A4896E223A60F700A8D124 /* PhotosSelect.storyboard */ = {isa = PBXFileReference; lastKnownFileType = file.storyboard; path = PhotosSelect.storyboard; sourceTree = "<group>"; };
		84A48970223A611700A8D124 /* PhotosSelectSampleViewController.swift */ = {isa = PBXFileReference; lastKnownFileType = sourcecode.swift; path = PhotosSelectSampleViewController.swift; sourceTree = "<group>"; };
		84B29595201B34ED0040FB56 /* PetalLayoutCircleAttributes.swift */ = {isa = PBXFileReference; lastKnownFileType = sourcecode.swift; path = PetalLayoutCircleAttributes.swift; sourceTree = "<group>"; };
		84B4D4BF1F7E3FCB00FC85BE /* CycleThroughCollectionCell.swift */ = {isa = PBXFileReference; fileEncoding = 4; lastKnownFileType = sourcecode.swift; path = CycleThroughCollectionCell.swift; sourceTree = "<group>"; };
		84B4D4C01F7E3FCB00FC85BE /* CycleThroughView.swift */ = {isa = PBXFileReference; fileEncoding = 4; lastKnownFileType = sourcecode.swift; path = CycleThroughView.swift; sourceTree = "<group>"; };
		84B766091F7E45460042B682 /* RaceLampViewSampleViewController.swift */ = {isa = PBXFileReference; lastKnownFileType = sourcecode.swift; path = RaceLampViewSampleViewController.swift; sourceTree = "<group>"; };
		84B8DF811FAAFABC006D3258 /* CircularRevealTransition.storyboard */ = {isa = PBXFileReference; lastKnownFileType = file.storyboard; path = CircularRevealTransition.storyboard; sourceTree = "<group>"; };
		84B8DF831FAAFAD4006D3258 /* CircularRevealTransitionSampleViewController.swift */ = {isa = PBXFileReference; lastKnownFileType = sourcecode.swift; path = CircularRevealTransitionSampleViewController.swift; sourceTree = "<group>"; };
		84B8DF861FAAFC40006D3258 /* CircularRevealTransition.swift */ = {isa = PBXFileReference; lastKnownFileType = sourcecode.swift; path = CircularRevealTransition.swift; sourceTree = "<group>"; };
		84B8DF8A1FAAFE41006D3258 /* CircularRevealTransitionSampleViewController2.swift */ = {isa = PBXFileReference; lastKnownFileType = sourcecode.swift; path = CircularRevealTransitionSampleViewController2.swift; sourceTree = "<group>"; };
		84BE367A1FCFA61B005F81D0 /* RectFillLabel.swift */ = {isa = PBXFileReference; lastKnownFileType = sourcecode.swift; path = RectFillLabel.swift; sourceTree = "<group>"; };
		84BE367D1FCFA82C005F81D0 /* RectFillLabelSampleViewController.swift */ = {isa = PBXFileReference; lastKnownFileType = sourcecode.swift; path = RectFillLabelSampleViewController.swift; sourceTree = "<group>"; };
		84BE367F1FCFA841005F81D0 /* RectFillLabel.storyboard */ = {isa = PBXFileReference; lastKnownFileType = file.storyboard; path = RectFillLabel.storyboard; sourceTree = "<group>"; };
		84BE36811FCFA9D7005F81D0 /* group_info.plist */ = {isa = PBXFileReference; lastKnownFileType = text.plist.xml; path = group_info.plist; sourceTree = "<group>"; };
		84C387A71F8DCF80009F3076 /* LoadingViewController.storyboard */ = {isa = PBXFileReference; lastKnownFileType = file.storyboard; path = LoadingViewController.storyboard; sourceTree = "<group>"; };
		84C387AA1F8DCFE3009F3076 /* LoadingView.swift */ = {isa = PBXFileReference; lastKnownFileType = sourcecode.swift; path = LoadingView.swift; sourceTree = "<group>"; };
		84C387AC1F8DF1B4009F3076 /* LoadingViewController.swift */ = {isa = PBXFileReference; lastKnownFileType = sourcecode.swift; path = LoadingViewController.swift; sourceTree = "<group>"; };
		84C387AE1F8DF30F009F3076 /* LoadingViewControllerSampleViewController.swift */ = {isa = PBXFileReference; lastKnownFileType = sourcecode.swift; path = LoadingViewControllerSampleViewController.swift; sourceTree = "<group>"; };
		84C3FCC01F8B7DA9009E24D3 /* BSIndexPath.h */ = {isa = PBXFileReference; lastKnownFileType = sourcecode.c.h; path = BSIndexPath.h; sourceTree = "<group>"; };
		84C3FCC11F8B7DA9009E24D3 /* BSIndexPath.m */ = {isa = PBXFileReference; lastKnownFileType = sourcecode.c.objc; path = BSIndexPath.m; sourceTree = "<group>"; };
		84C3FCF91F8CAE25009E24D3 /* UIColor+bs.swift */ = {isa = PBXFileReference; lastKnownFileType = sourcecode.swift; path = "UIColor+bs.swift"; sourceTree = "<group>"; };
		84C3FCFD1F8CB36C009E24D3 /* DialogAction.swift */ = {isa = PBXFileReference; fileEncoding = 4; lastKnownFileType = sourcecode.swift; path = DialogAction.swift; sourceTree = "<group>"; };
		84C3FCFE1F8CB36C009E24D3 /* DialogImageStyleView.swift */ = {isa = PBXFileReference; fileEncoding = 4; lastKnownFileType = sourcecode.swift; path = DialogImageStyleView.swift; sourceTree = "<group>"; };
		84C3FCFF1F8CB36C009E24D3 /* DialogImageStyleView.xib */ = {isa = PBXFileReference; fileEncoding = 4; lastKnownFileType = file.xib; path = DialogImageStyleView.xib; sourceTree = "<group>"; };
		84C3FD001F8CB36C009E24D3 /* DialogTextStyleView.swift */ = {isa = PBXFileReference; fileEncoding = 4; lastKnownFileType = sourcecode.swift; path = DialogTextStyleView.swift; sourceTree = "<group>"; };
		84C3FD011F8CB36C009E24D3 /* DialogTextStyleView.xib */ = {isa = PBXFileReference; fileEncoding = 4; lastKnownFileType = file.xib; path = DialogTextStyleView.xib; sourceTree = "<group>"; };
		84C3FD021F8CB36C009E24D3 /* DialogViewContentView.swift */ = {isa = PBXFileReference; fileEncoding = 4; lastKnownFileType = sourcecode.swift; path = DialogViewContentView.swift; sourceTree = "<group>"; };
		84C3FD031F8CB36C009E24D3 /* DialogViewContentView.xib */ = {isa = PBXFileReference; fileEncoding = 4; lastKnownFileType = file.xib; path = DialogViewContentView.xib; sourceTree = "<group>"; };
		84C3FD041F8CB36C009E24D3 /* DialogViewController.swift */ = {isa = PBXFileReference; fileEncoding = 4; lastKnownFileType = sourcecode.swift; path = DialogViewController.swift; sourceTree = "<group>"; };
		84C3FD051F8CB36C009E24D3 /* DialogViewController.storyboard */ = {isa = PBXFileReference; fileEncoding = 4; lastKnownFileType = file.storyboard; path = DialogViewController.storyboard; sourceTree = "<group>"; };
		84C3FD061F8CB36C009E24D3 /* DialogViewControllerSampleViewController.swift */ = {isa = PBXFileReference; fileEncoding = 4; lastKnownFileType = sourcecode.swift; path = DialogViewControllerSampleViewController.swift; sourceTree = "<group>"; };
		AB0FAEED9AE54A99280D78B2 /* Pods-10000ui-swift.release.xcconfig */ = {isa = PBXFileReference; includeInIndex = 1; lastKnownFileType = text.xcconfig; name = "Pods-10000ui-swift.release.xcconfig"; path = "Pods/Target Support Files/Pods-10000ui-swift/Pods-10000ui-swift.release.xcconfig"; sourceTree = "<group>"; };
		BF0A2CDE384FF744D220403E /* Pods_10000ui_swift.framework */ = {isa = PBXFileReference; explicitFileType = wrapper.framework; includeInIndex = 0; path = Pods_10000ui_swift.framework; sourceTree = BUILT_PRODUCTS_DIR; };
/* End PBXFileReference section */

/* Begin PBXFrameworksBuildPhase section */
		84329EFD1F3D4F47008AD0B4 /* Frameworks */ = {
			isa = PBXFrameworksBuildPhase;
			buildActionMask = 2147483647;
			files = (
				7F735609AFA3A3B9F2D29E8E /* Pods_10000ui_swift.framework in Frameworks */,
			);
			runOnlyForDeploymentPostprocessing = 0;
		};
/* End PBXFrameworksBuildPhase section */

/* Begin PBXGroup section */
		8410091521ACF5F700BAA7DF /* SlideMenuViewControllerSample */ = {
			isa = PBXGroup;
			children = (
				8410091A21ACF91200BAA7DF /* SlideMenuViewController */,
				8410091621ACF62D00BAA7DF /* SlideMenuSampleViewController.swift */,
				8410091821ACF65500BAA7DF /* SlideMenu.storyboard */,
			);
			path = SlideMenuViewControllerSample;
			sourceTree = "<group>";
		};
		8410091A21ACF91200BAA7DF /* SlideMenuViewController */ = {
			isa = PBXGroup;
			children = (
				8410091B21ACF91200BAA7DF /* SlideMenuViewController.swift */,
				8410091C21ACF91200BAA7DF /* SlideCollectionCell.swift */,
				8410091D21ACF91200BAA7DF /* MenuCollectionCell.swift */,
				8410091E21ACF91200BAA7DF /* SlideMenuViewController.storyboard */,
			);
			path = SlideMenuViewController;
			sourceTree = "<group>";
		};
		84257A071F99986B00B1A7E5 /* FadingLabelSample */ = {
			isa = PBXGroup;
			children = (
				84257A0A1F999E7800B1A7E5 /* FadingLabel */,
				84257A0D1F999F2F00B1A7E5 /* FadingLabelSampleViewController.swift */,
				84257A0F1F999FB100B1A7E5 /* FadingLabel.storyboard */,
			);
			path = FadingLabelSample;
			sourceTree = "<group>";
		};
		84257A0A1F999E7800B1A7E5 /* FadingLabel */ = {
			isa = PBXGroup;
			children = (
				846155601FA039BB006F9BE4 /* FadingLabel.swift */,
			);
			path = FadingLabel;
			sourceTree = "<group>";
		};
		8428DD0920402B5D008303C4 /* PullingHeaderSample */ = {
			isa = PBXGroup;
			children = (
				8428DD0C204035EF008303C4 /* PullingHeader */,
				8428DD1B2043BF37008303C4 /* DynamicGravityTransitionAnimator.swift */,
				8428DD1320414FC2008303C4 /* PullToFreshView.swift */,
				8428DD1520415097008303C4 /* PullToTransitionViewController.swift */,
				8428DD0D20403628008303C4 /* PullingHeaderSampleViewController.swift */,
				8428DD0A204035E9008303C4 /* PullingHeader.storyboard */,
			);
			path = PullingHeaderSample;
			sourceTree = "<group>";
		};
		8428DD0C204035EF008303C4 /* PullingHeader */ = {
			isa = PBXGroup;
			children = (
				8428DD0F20403783008303C4 /* PullingHeader.swift */,
			);
			path = PullingHeader;
			sourceTree = "<group>";
		};
		8428DD172043B554008303C4 /* SwiftFoundation */ = {
			isa = PBXGroup;
			children = (
				8428DD182043B58D008303C4 /* String+bs.swift */,
				84A48951223A5AAA00A8D124 /* TimeInterval+bs.swift */,
			);
			path = SwiftFoundation;
			sourceTree = "<group>";
		};
		842EC9BD20197DF200C1B69A /* PetalLayoutSample */ = {
			isa = PBXGroup;
			children = (
				842EC9BE20197DF200C1B69A /* PetalLayoutSampleCollectionCell.swift */,
				842EC9BF20197DF200C1B69A /* PetalLayoutSampleViewController.swift */,
				842EC9C020197DF200C1B69A /* PetalLayout */,
				842EC9C220197DF200C1B69A /* PetalLayout.storyboard */,
			);
			path = PetalLayoutSample;
			sourceTree = "<group>";
		};
		842EC9C020197DF200C1B69A /* PetalLayout */ = {
			isa = PBXGroup;
			children = (
				842EC9C120197DF200C1B69A /* PetalLayout.swift */,
				84B29595201B34ED0040FB56 /* PetalLayoutCircleAttributes.swift */,
			);
			path = PetalLayout;
			sourceTree = "<group>";
		};
		84329EF71F3D4F47008AD0B4 = {
			isa = PBXGroup;
			children = (
				84329F021F3D4F47008AD0B4 /* 10000ui-swift */,
				84329F011F3D4F47008AD0B4 /* Products */,
				FE6221C2FF4806ABB1676AA8 /* Pods */,
				C59465463A295A04498F94FB /* Frameworks */,
			);
			sourceTree = "<group>";
		};
		84329F011F3D4F47008AD0B4 /* Products */ = {
			isa = PBXGroup;
			children = (
				84329F001F3D4F47008AD0B4 /* 10000ui-swift.app */,
			);
			name = Products;
			sourceTree = "<group>";
		};
		84329F021F3D4F47008AD0B4 /* 10000ui-swift */ = {
			isa = PBXGroup;
			children = (
				84329F031F3D4F47008AD0B4 /* AppDelegate.swift */,
				84329F3D1F3D54A7008AD0B4 /* TableViewController.swift */,
				84329F071F3D4F47008AD0B4 /* Main.storyboard */,
				84A48953223A5D6E00A8D124 /* Vendor */,
				84C3FCF61F8C7E41009E24D3 /* Abstract */,
				8457E6291F3D5F1000781302 /* Extension */,
				8457E6221F3D5D9C00781302 /* Protocol */,
				84329F261F3D50D4008AD0B4 /* UI */,
				84329F0A1F3D4F47008AD0B4 /* Assets.xcassets */,
				8486B0C31F6FCAC9002C3FE2 /* 10000ui-swift-Bridging-Header.h */,
				84BE36811FCFA9D7005F81D0 /* group_info.plist */,
				84329F0C1F3D4F47008AD0B4 /* LaunchScreen.storyboard */,
				84329F0F1F3D4F47008AD0B4 /* Info.plist */,
			);
			path = "10000ui-swift";
			sourceTree = "<group>";
		};
		84329F261F3D50D4008AD0B4 /* UI */ = {
			isa = PBXGroup;
			children = (
				8486B0AC1F6FC9E2002C3FE2 /* Simple */,
				8486B0B21F6FC9E2002C3FE2 /* Middle */,
				8486B0AB1F6FC9E2002C3FE2 /* Complex */,
			);
			path = UI;
			sourceTree = "<group>";
		};
		84450242209875510072DD5E /* AnimationSliderSample */ = {
			isa = PBXGroup;
			children = (
				84450247209875830072DD5E /* AnimationSlider */,
				844502432098756C0072DD5E /* AnimationSlider.storyboard */,
				84450245209875800072DD5E /* AnimationSliderSampleViewController.swift */,
			);
			path = AnimationSliderSample;
			sourceTree = "<group>";
		};
		84450247209875830072DD5E /* AnimationSlider */ = {
			isa = PBXGroup;
			children = (
				84450248209875940072DD5E /* AnimationSlider.swift */,
			);
			path = AnimationSlider;
			sourceTree = "<group>";
		};
		8457E6221F3D5D9C00781302 /* Protocol */ = {
			isa = PBXGroup;
			children = (
				8457E6231F3D5D9C00781302 /* Adaptable.swift */,
				8457E6241F3D5D9C00781302 /* Namespace.swift */,
				8417091322A0E4E600BFE2AC /* NavigationBarChangable.swift */,
			);
			path = Protocol;
			sourceTree = "<group>";
		};
		8457E6291F3D5F1000781302 /* Extension */ = {
			isa = PBXGroup;
			children = (
				8428DD172043B554008303C4 /* SwiftFoundation */,
				845CA8951F453298003594C6 /* CoreGraphics */,
				845CA8981F453298003594C6 /* Foundation */,
				845CA8991F453298003594C6 /* UIKit */,
			);
			path = Extension;
			sourceTree = "<group>";
		};
		845CA8951F453298003594C6 /* CoreGraphics */ = {
			isa = PBXGroup;
			children = (
				845CA8961F453298003594C6 /* CGFloat+bs.swift */,
				845CA8971F453298003594C6 /* CGPoint+bs.swift */,
			);
			path = CoreGraphics;
			sourceTree = "<group>";
		};
		845CA8981F453298003594C6 /* Foundation */ = {
			isa = PBXGroup;
			children = (
				84656E0B1F8B1C0D0030D69D /* NSObject+bs.swift */,
			);
			path = Foundation;
			sourceTree = "<group>";
		};
		845CA8991F453298003594C6 /* UIKit */ = {
			isa = PBXGroup;
			children = (
				84A4894A223A42BF00A8D124 /* UICollectionViewFlowLayout+NameBox.swift */,
				8486B18B1F6FD115002C3FE2 /* UIView+bs.swift */,
				84C3FCF91F8CAE25009E24D3 /* UIColor+bs.swift */,
				845CA89A1F453298003594C6 /* UIImage+bs.swift */,
				845CA89B1F453298003594C6 /* UIViewController+bs.swift */,
			);
			path = UIKit;
			sourceTree = "<group>";
		};
		8486B0AB1F6FC9E2002C3FE2 /* Complex */ = {
			isa = PBXGroup;
			children = (
				84A48958223A60E800A8D124 /* PhotosSelectViewControllerSample */,
				842EC9BD20197DF200C1B69A /* PetalLayoutSample */,
				8486B0B31F6FC9E2002C3FE2 /* CircleSliderSample */,
				8486B14E1F6FCFF1002C3FE2 /* CalendarViewSample */,
				8486B1091F6FCCDA002C3FE2 /* NumbersViewSample-OC */,
			);
			path = Complex;
			sourceTree = "<group>";
		};
		8486B0AC1F6FC9E2002C3FE2 /* Simple */ = {
			isa = PBXGroup;
			children = (
				84BE36791FCFA3B0005F81D0 /* RectFillLabelSample */,
				84C387A61F8DCE8A009F3076 /* LoadingViewControllerSample */,
				8486B0AD1F6FC9E2002C3FE2 /* SeparatorLabelSample */,
				8486B1A01F70B879002C3FE2 /* RaceLampViewSample-OC */,
			);
			path = Simple;
			sourceTree = "<group>";
		};
		8486B0AD1F6FC9E2002C3FE2 /* SeparatorLabelSample */ = {
			isa = PBXGroup;
			children = (
				8486B12C1F6FCE6C002C3FE2 /* SeparatorLabel */,
				8486B0B01F6FC9E2002C3FE2 /* SeparatorLabel.storyboard */,
				8486B0B11F6FC9E2002C3FE2 /* SeparatorLabelSampleViewController.swift */,
			);
			path = SeparatorLabelSample;
			sourceTree = "<group>";
		};
		8486B0B21F6FC9E2002C3FE2 /* Middle */ = {
			isa = PBXGroup;
			children = (
				8410091521ACF5F700BAA7DF /* SlideMenuViewControllerSample */,
				84450242209875510072DD5E /* AnimationSliderSample */,
				8428DD0920402B5D008303C4 /* PullingHeaderSample */,
				84B8DF801FAAF998006D3258 /* CircularRevealTransitionSample */,
				84257A071F99986B00B1A7E5 /* FadingLabelSample */,
				84C3FCFB1F8CB36C009E24D3 /* DialogViewControllerSample */,
				8486B18D1F70B5AD002C3FE2 /* CycleThroughViewSample */,
			);
			path = Middle;
			sourceTree = "<group>";
		};
		8486B0B31F6FC9E2002C3FE2 /* CircleSliderSample */ = {
			isa = PBXGroup;
			children = (
				8486B12F1F6FCE73002C3FE2 /* CircleSlider */,
				8486B0B61F6FC9E2002C3FE2 /* CircleSlider.storyboard */,
				8486B0B71F6FC9E2002C3FE2 /* CircleSliderSampleViewController.swift */,
			);
			path = CircleSliderSample;
			sourceTree = "<group>";
		};
		8486B1091F6FCCDA002C3FE2 /* NumbersViewSample-OC */ = {
			isa = PBXGroup;
			children = (
				8486B10A1F6FCCDA002C3FE2 /* BSNumbersView */,
				8486B1171F6FCCDA002C3FE2 /* flights_info.plist */,
				8486B1181F6FCCDA002C3FE2 /* Model */,
				8486B11B1F6FCCDA002C3FE2 /* NumbersView.storyboard */,
				84656E071F8B113D0030D69D /* NumbersViewSampleViewController.swift */,
				84656E091F8B13C20030D69D /* NumbersViewSampleCollectionCell.swift */,
				8486B1201F6FCCDB002C3FE2 /* NumbersViewSampleCollectionCell.xib */,
			);
			path = "NumbersViewSample-OC";
			sourceTree = "<group>";
		};
		8486B10A1F6FCCDA002C3FE2 /* BSNumbersView */ = {
			isa = PBXGroup;
			children = (
				8486B10B1F6FCCDA002C3FE2 /* BSNumbersCollectionCell.h */,
				8486B10C1F6FCCDA002C3FE2 /* BSNumbersCollectionCell.m */,
				8486B10D1F6FCCDA002C3FE2 /* BSNumbersCollectionHeaderView.h */,
				8486B10E1F6FCCDA002C3FE2 /* BSNumbersCollectionHeaderView.m */,
				8486B10F1F6FCCDA002C3FE2 /* BSNumbersView.h */,
				8486B1101F6FCCDA002C3FE2 /* BSNumbersView.m */,
				84C3FCC01F8B7DA9009E24D3 /* BSIndexPath.h */,
				84C3FCC11F8B7DA9009E24D3 /* BSIndexPath.m */,
				8486B1111F6FCCDA002C3FE2 /* BSNumbersViewEnum.h */,
				8486B1121F6FCCDA002C3FE2 /* BSNumbersViewMarcos.h */,
				84656E141F8B29FB0030D69D /* NSString+BSNumbersView.h */,
				84656E131F8B29FB0030D69D /* NSString+BSNumbersView.m */,
			);
			path = BSNumbersView;
			sourceTree = "<group>";
		};
		8486B1181F6FCCDA002C3FE2 /* Model */ = {
			isa = PBXGroup;
			children = (
				8486B1191F6FCCDA002C3FE2 /* Flight.h */,
				8486B11A1F6FCCDA002C3FE2 /* Flight.m */,
			);
			path = Model;
			sourceTree = "<group>";
		};
		8486B12C1F6FCE6C002C3FE2 /* SeparatorLabel */ = {
			isa = PBXGroup;
			children = (
				8486B12D1F6FCE6C002C3FE2 /* SeparatorLabel.swift */,
			);
			path = SeparatorLabel;
			sourceTree = "<group>";
		};
		8486B12F1F6FCE73002C3FE2 /* CircleSlider */ = {
			isa = PBXGroup;
			children = (
				8486B1301F6FCE73002C3FE2 /* CircleSlider.swift */,
			);
			path = CircleSlider;
			sourceTree = "<group>";
		};
		8486B14E1F6FCFF1002C3FE2 /* CalendarViewSample */ = {
			isa = PBXGroup;
			children = (
				8486B14F1F6FCFF1002C3FE2 /* CalendarView */,
				8486B15B1F6FCFF1002C3FE2 /* CalendarView.storyboard */,
				8486B15C1F6FCFF1002C3FE2 /* CalendarViewSampleViewController.swift */,
			);
			path = CalendarViewSample;
			sourceTree = "<group>";
		};
		8486B14F1F6FCFF1002C3FE2 /* CalendarView */ = {
			isa = PBXGroup;
			children = (
				8486B1501F6FCFF1002C3FE2 /* CalendarDay.swift */,
				8486B1511F6FCFF1002C3FE2 /* CalendarDayCollectionCell.swift */,
				8486B1521F6FCFF1002C3FE2 /* CalendarDayCollectionReusableHeaderView.swift */,
				8486B1531F6FCFF1002C3FE2 /* CalendarManager.swift */,
				8486B1541F6FCFF1002C3FE2 /* CalendarMonth.swift */,
				8486B1551F6FCFF1002C3FE2 /* CalendarMonthCollectionCell.swift */,
				8486B1561F6FCFF1002C3FE2 /* CalendarMonthSelectView.swift */,
				8486B1571F6FCFF1002C3FE2 /* CalendarPreference.swift */,
				8486B1581F6FCFF1002C3FE2 /* CalendarView.swift */,
				8486B1591F6FCFF1002C3FE2 /* Date+CalendarView.swift */,
			);
			path = CalendarView;
			sourceTree = "<group>";
		};
		8486B18D1F70B5AD002C3FE2 /* CycleThroughViewSample */ = {
			isa = PBXGroup;
			children = (
				84B4D4BE1F7E3FCB00FC85BE /* CycleThroughView */,
				8486B1911F70B5AD002C3FE2 /* CycleThroughView.storyboard */,
				8486B1921F70B5AD002C3FE2 /* CycleThroughSampleViewController.swift */,
				8486B1931F70B5AD002C3FE2 /* Resource */,
			);
			path = CycleThroughViewSample;
			sourceTree = "<group>";
		};
		8486B1931F70B5AD002C3FE2 /* Resource */ = {
			isa = PBXGroup;
			children = (
			);
			path = Resource;
			sourceTree = "<group>";
		};
		8486B1A01F70B879002C3FE2 /* RaceLampViewSample-OC */ = {
			isa = PBXGroup;
			children = (
				8486B1A11F70B879002C3FE2 /* BSRaceLampView */,
				8486B1A41F70B879002C3FE2 /* RaceLampView.storyboard */,
				84B766091F7E45460042B682 /* RaceLampViewSampleViewController.swift */,
			);
			path = "RaceLampViewSample-OC";
			sourceTree = "<group>";
		};
		8486B1A11F70B879002C3FE2 /* BSRaceLampView */ = {
			isa = PBXGroup;
			children = (
				8486B1A21F70B879002C3FE2 /* BSRaceLampView.h */,
				8486B1A31F70B879002C3FE2 /* BSRaceLampView.m */,
			);
			path = BSRaceLampView;
			sourceTree = "<group>";
		};
		84A48953223A5D6E00A8D124 /* Vendor */ = {
			isa = PBXGroup;
			children = (
				84A48954223A5D8000A8D124 /* UIImage+BSCategory */,
			);
			path = Vendor;
			sourceTree = "<group>";
		};
		84A48954223A5D8000A8D124 /* UIImage+BSCategory */ = {
			isa = PBXGroup;
			children = (
				84A48955223A5D8000A8D124 /* UIImage+BSCategory.h */,
				84A48956223A5D8000A8D124 /* UIImage+BSCategory.m */,
			);
			path = "UIImage+BSCategory";
			sourceTree = "<group>";
		};
		84A48958223A60E800A8D124 /* PhotosSelectViewControllerSample */ = {
			isa = PBXGroup;
			children = (
				84A4896E223A60F700A8D124 /* PhotosSelect.storyboard */,
				84A48970223A611700A8D124 /* PhotosSelectSampleViewController.swift */,
				84A48959223A60E800A8D124 /* PhotosSelectViewController */,
			);
			path = PhotosSelectViewControllerSample;
			sourceTree = "<group>";
		};
		84A48959223A60E800A8D124 /* PhotosSelectViewController */ = {
			isa = PBXGroup;
			children = (
				84A4895A223A60E800A8D124 /* PhotosSelectItem.swift */,
				84A48963223A60E800A8D124 /* PhotosSelectViewController.storyboard */,
				84A48960223A60E800A8D124 /* PhotosSelectViewController.swift */,
				84A4895F223A60E800A8D124 /* PhotosSelectCollectionCell.swift */,
				84A48964223A60E800A8D124 /* AlbumsSelectViewController.swift */,
				84A4895B223A60E800A8D124 /* AlbumsSelectTableCell.swift */,
				84A4895C223A60E800A8D124 /* PhotosManager */,
				84A48961223A60E800A8D124 /* AuthorizationManager */,
			);
			path = PhotosSelectViewController;
			sourceTree = "<group>";
		};
		84A4895C223A60E800A8D124 /* PhotosManager */ = {
			isa = PBXGroup;
			children = (
				84A4895D223A60E800A8D124 /* PhotosManager.swift */,
				84A4895E223A60E800A8D124 /* PhotosImageRequester.swift */,
			);
			path = PhotosManager;
			sourceTree = "<group>";
		};
		84A48961223A60E800A8D124 /* AuthorizationManager */ = {
			isa = PBXGroup;
			children = (
				84A48962223A60E800A8D124 /* AuthorizationManager.swift */,
			);
			path = AuthorizationManager;
			sourceTree = "<group>";
		};
		84B4D4BE1F7E3FCB00FC85BE /* CycleThroughView */ = {
			isa = PBXGroup;
			children = (
				84B4D4BF1F7E3FCB00FC85BE /* CycleThroughCollectionCell.swift */,
				84B4D4C01F7E3FCB00FC85BE /* CycleThroughView.swift */,
			);
			path = CycleThroughView;
			sourceTree = "<group>";
		};
		84B8DF801FAAF998006D3258 /* CircularRevealTransitionSample */ = {
			isa = PBXGroup;
			children = (
				84B8DF851FAAFAD7006D3258 /* CircularRevealTransition */,
				84B8DF811FAAFABC006D3258 /* CircularRevealTransition.storyboard */,
				84B8DF831FAAFAD4006D3258 /* CircularRevealTransitionSampleViewController.swift */,
				84B8DF8A1FAAFE41006D3258 /* CircularRevealTransitionSampleViewController2.swift */,
				8447F2ED1FB1A40200471BB4 /* UINavigationController+bs.swift */,
			);
			path = CircularRevealTransitionSample;
			sourceTree = "<group>";
		};
		84B8DF851FAAFAD7006D3258 /* CircularRevealTransition */ = {
			isa = PBXGroup;
			children = (
				84B8DF861FAAFC40006D3258 /* CircularRevealTransition.swift */,
				8475033C1FAFFF82008CFF86 /* CircularRevealTransitionAnimator.swift */,
				8475033E1FB00247008CFF86 /* CircularRevealTransitionInteractiveController.swift */,
				8475033A1FAC5D6A008CFF86 /* LayerPercentDrivenInteractiveTransition.swift */,
			);
			path = CircularRevealTransition;
			sourceTree = "<group>";
		};
		84BE36791FCFA3B0005F81D0 /* RectFillLabelSample */ = {
			isa = PBXGroup;
			children = (
				84BE367C1FCFA621005F81D0 /* RectFillLabel */,
				84BE367D1FCFA82C005F81D0 /* RectFillLabelSampleViewController.swift */,
				84BE367F1FCFA841005F81D0 /* RectFillLabel.storyboard */,
			);
			path = RectFillLabelSample;
			sourceTree = "<group>";
		};
		84BE367C1FCFA621005F81D0 /* RectFillLabel */ = {
			isa = PBXGroup;
			children = (
				84BE367A1FCFA61B005F81D0 /* RectFillLabel.swift */,
			);
			path = RectFillLabel;
			sourceTree = "<group>";
		};
		84C387A61F8DCE8A009F3076 /* LoadingViewControllerSample */ = {
			isa = PBXGroup;
			children = (
				84C387A91F8DCF8A009F3076 /* LoadingViewController */,
				84C387A71F8DCF80009F3076 /* LoadingViewController.storyboard */,
				84C387AE1F8DF30F009F3076 /* LoadingViewControllerSampleViewController.swift */,
			);
			path = LoadingViewControllerSample;
			sourceTree = "<group>";
		};
		84C387A91F8DCF8A009F3076 /* LoadingViewController */ = {
			isa = PBXGroup;
			children = (
				84C387AA1F8DCFE3009F3076 /* LoadingView.swift */,
				84C387AC1F8DF1B4009F3076 /* LoadingViewController.swift */,
			);
			path = LoadingViewController;
			sourceTree = "<group>";
		};
		84C3FCF61F8C7E41009E24D3 /* Abstract */ = {
			isa = PBXGroup;
			children = (
				8410091321ACE8A700BAA7DF /* PopoverViewController.swift */,
			);
			path = Abstract;
			sourceTree = "<group>";
		};
		84C3FCFB1F8CB36C009E24D3 /* DialogViewControllerSample */ = {
			isa = PBXGroup;
			children = (
				84C3FCFC1F8CB36C009E24D3 /* DialogViewController */,
				84C3FD051F8CB36C009E24D3 /* DialogViewController.storyboard */,
				84C3FD061F8CB36C009E24D3 /* DialogViewControllerSampleViewController.swift */,
			);
			path = DialogViewControllerSample;
			sourceTree = "<group>";
		};
		84C3FCFC1F8CB36C009E24D3 /* DialogViewController */ = {
			isa = PBXGroup;
			children = (
				84C3FCFD1F8CB36C009E24D3 /* DialogAction.swift */,
				84C3FCFE1F8CB36C009E24D3 /* DialogImageStyleView.swift */,
				84C3FCFF1F8CB36C009E24D3 /* DialogImageStyleView.xib */,
				84C3FD001F8CB36C009E24D3 /* DialogTextStyleView.swift */,
				84C3FD011F8CB36C009E24D3 /* DialogTextStyleView.xib */,
				84C3FD021F8CB36C009E24D3 /* DialogViewContentView.swift */,
				84C3FD031F8CB36C009E24D3 /* DialogViewContentView.xib */,
				84C3FD041F8CB36C009E24D3 /* DialogViewController.swift */,
			);
			path = DialogViewController;
			sourceTree = "<group>";
		};
		C59465463A295A04498F94FB /* Frameworks */ = {
			isa = PBXGroup;
			children = (
				BF0A2CDE384FF744D220403E /* Pods_10000ui_swift.framework */,
			);
			name = Frameworks;
			sourceTree = "<group>";
		};
		FE6221C2FF4806ABB1676AA8 /* Pods */ = {
			isa = PBXGroup;
			children = (
				78DEACC071D6AC0C2D52449D /* Pods-10000ui-swift.debug.xcconfig */,
				AB0FAEED9AE54A99280D78B2 /* Pods-10000ui-swift.release.xcconfig */,
			);
			name = Pods;
			sourceTree = "<group>";
		};
/* End PBXGroup section */

/* Begin PBXNativeTarget section */
		84329EFF1F3D4F47008AD0B4 /* 10000ui-swift */ = {
			isa = PBXNativeTarget;
			buildConfigurationList = 84329F121F3D4F47008AD0B4 /* Build configuration list for PBXNativeTarget "10000ui-swift" */;
			buildPhases = (
				91D195C08834B0F5DC48F317 /* [CP] Check Pods Manifest.lock */,
				84329EFC1F3D4F47008AD0B4 /* Sources */,
				84329EFD1F3D4F47008AD0B4 /* Frameworks */,
				84329EFE1F3D4F47008AD0B4 /* Resources */,
				8FA9DC1A7C592EC1454BA260 /* [CP] Embed Pods Frameworks */,
				45544BFB016CEB3A345307B3 /* [CP] Copy Pods Resources */,
			);
			buildRules = (
			);
			dependencies = (
			);
			name = "10000ui-swift";
			productName = "10000ui-swift";
			productReference = 84329F001F3D4F47008AD0B4 /* 10000ui-swift.app */;
			productType = "com.apple.product-type.application";
		};
/* End PBXNativeTarget section */

/* Begin PBXProject section */
		84329EF81F3D4F47008AD0B4 /* Project object */ = {
			isa = PBXProject;
			attributes = {
				LastSwiftUpdateCheck = 0830;
				LastUpgradeCheck = 1020;
				ORGANIZATIONNAME = blurryssky;
				TargetAttributes = {
					84329EFF1F3D4F47008AD0B4 = {
						CreatedOnToolsVersion = 8.3.1;
						DevelopmentTeam = K894H4XBD8;
						LastSwiftMigration = 1020;
						ProvisioningStyle = Automatic;
						SystemCapabilities = {
							com.apple.BackgroundModes = {
								enabled = 0;
							};
						};
					};
				};
			};
			buildConfigurationList = 84329EFB1F3D4F47008AD0B4 /* Build configuration list for PBXProject "10000ui-swift" */;
			compatibilityVersion = "Xcode 3.2";
			developmentRegion = en;
			hasScannedForEncodings = 0;
			knownRegions = (
				en,
				Base,
			);
			mainGroup = 84329EF71F3D4F47008AD0B4;
			productRefGroup = 84329F011F3D4F47008AD0B4 /* Products */;
			projectDirPath = "";
			projectRoot = "";
			targets = (
				84329EFF1F3D4F47008AD0B4 /* 10000ui-swift */,
			);
		};
/* End PBXProject section */

/* Begin PBXResourcesBuildPhase section */
		84329EFE1F3D4F47008AD0B4 /* Resources */ = {
			isa = PBXResourcesBuildPhase;
			buildActionMask = 2147483647;
			files = (
				84B8DF821FAAFABC006D3258 /* CircularRevealTransition.storyboard in Resources */,
				84BE36821FCFA9D7005F81D0 /* group_info.plist in Resources */,
				8486B0BC1F6FC9E2002C3FE2 /* CircleSlider.storyboard in Resources */,
				84C387A81F8DCF80009F3076 /* LoadingViewController.storyboard in Resources */,
				84329F0E1F3D4F47008AD0B4 /* LaunchScreen.storyboard in Resources */,
				8410092221ACF91200BAA7DF /* SlideMenuViewController.storyboard in Resources */,
				8486B0B91F6FC9E2002C3FE2 /* SeparatorLabel.storyboard in Resources */,
				84329F0B1F3D4F47008AD0B4 /* Assets.xcassets in Resources */,
				8486B1A81F70B879002C3FE2 /* RaceLampView.storyboard in Resources */,
				8486B19A1F70B5AD002C3FE2 /* CycleThroughView.storyboard in Resources */,
				84A4896F223A60F700A8D124 /* PhotosSelect.storyboard in Resources */,
				84A4896C223A60E800A8D124 /* PhotosSelectViewController.storyboard in Resources */,
				84C3FD091F8CB36D009E24D3 /* DialogImageStyleView.xib in Resources */,
				84C3FD0F1F8CB36D009E24D3 /* DialogViewController.storyboard in Resources */,
				84BE36801FCFA841005F81D0 /* RectFillLabel.storyboard in Resources */,
				84257A101F999FB100B1A7E5 /* FadingLabel.storyboard in Resources */,
				84C3FD0D1F8CB36D009E24D3 /* DialogViewContentView.xib in Resources */,
				8428DD0B204035E9008303C4 /* PullingHeader.storyboard in Resources */,
				842EC9C620197DF300C1B69A /* PetalLayout.storyboard in Resources */,
				8486B1261F6FCCDB002C3FE2 /* flights_info.plist in Resources */,
				844502442098756C0072DD5E /* AnimationSlider.storyboard in Resources */,
				84C3FD0B1F8CB36D009E24D3 /* DialogTextStyleView.xib in Resources */,
				84329F091F3D4F47008AD0B4 /* Main.storyboard in Resources */,
				8486B1281F6FCCDB002C3FE2 /* NumbersView.storyboard in Resources */,
				8486B12B1F6FCCDB002C3FE2 /* NumbersViewSampleCollectionCell.xib in Resources */,
				8410091921ACF65500BAA7DF /* SlideMenu.storyboard in Resources */,
				8486B1681F6FCFF1002C3FE2 /* CalendarView.storyboard in Resources */,
			);
			runOnlyForDeploymentPostprocessing = 0;
		};
/* End PBXResourcesBuildPhase section */

/* Begin PBXShellScriptBuildPhase section */
		45544BFB016CEB3A345307B3 /* [CP] Copy Pods Resources */ = {
			isa = PBXShellScriptBuildPhase;
			buildActionMask = 2147483647;
			files = (
			);
			inputPaths = (
			);
			name = "[CP] Copy Pods Resources";
			outputPaths = (
			);
			runOnlyForDeploymentPostprocessing = 0;
			shellPath = /bin/sh;
			shellScript = "\"${SRCROOT}/Pods/Target Support Files/Pods-10000ui-swift/Pods-10000ui-swift-resources.sh\"\n";
			showEnvVarsInLog = 0;
		};
		8FA9DC1A7C592EC1454BA260 /* [CP] Embed Pods Frameworks */ = {
			isa = PBXShellScriptBuildPhase;
			buildActionMask = 2147483647;
			files = (
			);
			inputPaths = (
				"${SRCROOT}/Pods/Target Support Files/Pods-10000ui-swift/Pods-10000ui-swift-frameworks.sh",
				"${BUILT_PRODUCTS_DIR}/Kingfisher/Kingfisher.framework",
				"${BUILT_PRODUCTS_DIR}/RxCocoa/RxCocoa.framework",
				"${BUILT_PRODUCTS_DIR}/RxSwift/RxSwift.framework",
				"${BUILT_PRODUCTS_DIR}/SnapKit/SnapKit.framework",
			);
			name = "[CP] Embed Pods Frameworks";
			outputPaths = (
				"${TARGET_BUILD_DIR}/${FRAMEWORKS_FOLDER_PATH}/Kingfisher.framework",
				"${TARGET_BUILD_DIR}/${FRAMEWORKS_FOLDER_PATH}/RxCocoa.framework",
				"${TARGET_BUILD_DIR}/${FRAMEWORKS_FOLDER_PATH}/RxSwift.framework",
				"${TARGET_BUILD_DIR}/${FRAMEWORKS_FOLDER_PATH}/SnapKit.framework",
			);
			runOnlyForDeploymentPostprocessing = 0;
			shellPath = /bin/sh;
			shellScript = "\"${SRCROOT}/Pods/Target Support Files/Pods-10000ui-swift/Pods-10000ui-swift-frameworks.sh\"\n";
			showEnvVarsInLog = 0;
		};
		91D195C08834B0F5DC48F317 /* [CP] Check Pods Manifest.lock */ = {
			isa = PBXShellScriptBuildPhase;
			buildActionMask = 2147483647;
			files = (
			);
			inputPaths = (
				"${PODS_PODFILE_DIR_PATH}/Podfile.lock",
				"${PODS_ROOT}/Manifest.lock",
			);
			name = "[CP] Check Pods Manifest.lock";
			outputPaths = (
				"$(DERIVED_FILE_DIR)/Pods-10000ui-swift-checkManifestLockResult.txt",
			);
			runOnlyForDeploymentPostprocessing = 0;
			shellPath = /bin/sh;
			shellScript = "diff \"${PODS_PODFILE_DIR_PATH}/Podfile.lock\" \"${PODS_ROOT}/Manifest.lock\" > /dev/null\nif [ $? != 0 ] ; then\n    # print error to STDERR\n    echo \"error: The sandbox is not in sync with the Podfile.lock. Run 'pod install' or update your CocoaPods installation.\" >&2\n    exit 1\nfi\n# This output is used by Xcode 'outputs' to avoid re-running this script phase.\necho \"SUCCESS\" > \"${SCRIPT_OUTPUT_FILE_0}\"\n";
			showEnvVarsInLog = 0;
		};
/* End PBXShellScriptBuildPhase section */

/* Begin PBXSourcesBuildPhase section */
		84329EFC1F3D4F47008AD0B4 /* Sources */ = {
			isa = PBXSourcesBuildPhase;
			buildActionMask = 2147483647;
			files = (
				8486B15E1F6FCFF1002C3FE2 /* CalendarDayCollectionCell.swift in Sources */,
				8486B1611F6FCFF1002C3FE2 /* CalendarMonth.swift in Sources */,
				84257A0E1F999F2F00B1A7E5 /* FadingLabelSampleViewController.swift in Sources */,
				8428DD1420414FC2008303C4 /* PullToFreshView.swift in Sources */,
				84BE367E1FCFA82C005F81D0 /* RectFillLabelSampleViewController.swift in Sources */,
				8457E6261F3D5D9C00781302 /* Adaptable.swift in Sources */,
				842EC9C420197DF300C1B69A /* PetalLayoutSampleViewController.swift in Sources */,
				8410091421ACE8A700BAA7DF /* PopoverViewController.swift in Sources */,
				84A48971223A611700A8D124 /* PhotosSelectSampleViewController.swift in Sources */,
				8486B1691F6FCFF1002C3FE2 /* CalendarViewSampleViewController.swift in Sources */,
				8428DD1C2043BF37008303C4 /* DynamicGravityTransitionAnimator.swift in Sources */,
				8410091F21ACF91200BAA7DF /* SlideMenuViewController.swift in Sources */,
				84656E0C1F8B1C0D0030D69D /* NSObject+bs.swift in Sources */,
				84A4896D223A60E800A8D124 /* AlbumsSelectViewController.swift in Sources */,
				84A48969223A60E800A8D124 /* PhotosSelectCollectionCell.swift in Sources */,
				8417091422A0E4E600BFE2AC /* NavigationBarChangable.swift in Sources */,
				84A4894B223A42BF00A8D124 /* UICollectionViewFlowLayout+NameBox.swift in Sources */,
				84C387AB1F8DCFE3009F3076 /* LoadingView.swift in Sources */,
				8486B15F1F6FCFF1002C3FE2 /* CalendarDayCollectionReusableHeaderView.swift in Sources */,
				84656E0A1F8B13C20030D69D /* NumbersViewSampleCollectionCell.swift in Sources */,
				84C3FD0C1F8CB36D009E24D3 /* DialogViewContentView.swift in Sources */,
				84C3FD071F8CB36D009E24D3 /* DialogAction.swift in Sources */,
				8410092021ACF91200BAA7DF /* SlideCollectionCell.swift in Sources */,
				8486B1311F6FCE73002C3FE2 /* CircleSlider.swift in Sources */,
				84B8DF841FAAFAD4006D3258 /* CircularRevealTransitionSampleViewController.swift in Sources */,
				84C3FD0A1F8CB36D009E24D3 /* DialogTextStyleView.swift in Sources */,
				84C3FD081F8CB36D009E24D3 /* DialogImageStyleView.swift in Sources */,
				8475033D1FAFFF82008CFF86 /* CircularRevealTransitionAnimator.swift in Sources */,
				84C3FCC21F8B7DA9009E24D3 /* BSIndexPath.m in Sources */,
				84329F3E1F3D54A7008AD0B4 /* TableViewController.swift in Sources */,
				8486B1641F6FCFF1002C3FE2 /* CalendarPreference.swift in Sources */,
				84A4896A223A60E800A8D124 /* PhotosSelectViewController.swift in Sources */,
				845CA89D1F453298003594C6 /* CGPoint+bs.swift in Sources */,
				8428DD1620415097008303C4 /* PullToTransitionViewController.swift in Sources */,
				8428DD0E20403628008303C4 /* PullingHeaderSampleViewController.swift in Sources */,
				8475033B1FAC5D6A008CFF86 /* LayerPercentDrivenInteractiveTransition.swift in Sources */,
				8486B12E1F6FCE6C002C3FE2 /* SeparatorLabel.swift in Sources */,
				84A48957223A5D8000A8D124 /* UIImage+BSCategory.m in Sources */,
				84A48967223A60E800A8D124 /* PhotosManager.swift in Sources */,
				8486B1601F6FCFF1002C3FE2 /* CalendarManager.swift in Sources */,
				8486B19B1F70B5AD002C3FE2 /* CycleThroughSampleViewController.swift in Sources */,
				84B8DF8B1FAAFE41006D3258 /* CircularRevealTransitionSampleViewController2.swift in Sources */,
				845CA89F1F453298003594C6 /* UIViewController+bs.swift in Sources */,
				8486B1621F6FCFF1002C3FE2 /* CalendarMonthCollectionCell.swift in Sources */,
				8486B1631F6FCFF1002C3FE2 /* CalendarMonthSelectView.swift in Sources */,
				8447F2EE1FB1A40200471BB4 /* UINavigationController+bs.swift in Sources */,
				84C3FCFA1F8CAE25009E24D3 /* UIColor+bs.swift in Sources */,
				842EC9C520197DF300C1B69A /* PetalLayout.swift in Sources */,
				846155611FA039BB006F9BE4 /* FadingLabel.swift in Sources */,
				84A4896B223A60E800A8D124 /* AuthorizationManager.swift in Sources */,
				84450246209875800072DD5E /* AnimationSliderSampleViewController.swift in Sources */,
				84C3FD101F8CB36D009E24D3 /* DialogViewControllerSampleViewController.swift in Sources */,
				8486B1231F6FCCDB002C3FE2 /* BSNumbersView.m in Sources */,
				84A48952223A5AAA00A8D124 /* TimeInterval+bs.swift in Sources */,
				84B8DF871FAAFC40006D3258 /* CircularRevealTransition.swift in Sources */,
				84B7660A1F7E45460042B682 /* RaceLampViewSampleViewController.swift in Sources */,
				845CA89C1F453298003594C6 /* CGFloat+bs.swift in Sources */,
				84C387AF1F8DF30F009F3076 /* LoadingViewControllerSampleViewController.swift in Sources */,
				8428DD192043B58D008303C4 /* String+bs.swift in Sources */,
				84BE367B1FCFA61B005F81D0 /* RectFillLabel.swift in Sources */,
				8486B0BD1F6FC9E2002C3FE2 /* CircleSliderSampleViewController.swift in Sources */,
				845CA89E1F453298003594C6 /* UIImage+bs.swift in Sources */,
				84329F041F3D4F47008AD0B4 /* AppDelegate.swift in Sources */,
				8486B1A71F70B879002C3FE2 /* BSRaceLampView.m in Sources */,
				8486B18C1F6FD115002C3FE2 /* UIView+bs.swift in Sources */,
				84C387AD1F8DF1B4009F3076 /* LoadingViewController.swift in Sources */,
				84A48966223A60E800A8D124 /* AlbumsSelectTableCell.swift in Sources */,
				84B4D4C11F7E3FCB00FC85BE /* CycleThroughCollectionCell.swift in Sources */,
				842EC9C320197DF300C1B69A /* PetalLayoutSampleCollectionCell.swift in Sources */,
				84A48965223A60E800A8D124 /* PhotosSelectItem.swift in Sources */,
				8428DD1020403783008303C4 /* PullingHeader.swift in Sources */,
				8475033F1FB00247008CFF86 /* CircularRevealTransitionInteractiveController.swift in Sources */,
				84656E081F8B113D0030D69D /* NumbersViewSampleViewController.swift in Sources */,
				8486B15D1F6FCFF1002C3FE2 /* CalendarDay.swift in Sources */,
				84B29596201B34ED0040FB56 /* PetalLayoutCircleAttributes.swift in Sources */,
				84C3FD0E1F8CB36D009E24D3 /* DialogViewController.swift in Sources */,
				8410091721ACF62D00BAA7DF /* SlideMenuSampleViewController.swift in Sources */,
				84450249209875940072DD5E /* AnimationSlider.swift in Sources */,
				8486B1271F6FCCDB002C3FE2 /* Flight.m in Sources */,
				84656E151F8B29FB0030D69D /* NSString+BSNumbersView.m in Sources */,
				8457E6271F3D5D9C00781302 /* Namespace.swift in Sources */,
				8486B0BA1F6FC9E2002C3FE2 /* SeparatorLabelSampleViewController.swift in Sources */,
				84A48968223A60E800A8D124 /* PhotosImageRequester.swift in Sources */,
				8486B1651F6FCFF1002C3FE2 /* CalendarView.swift in Sources */,
				8486B1211F6FCCDB002C3FE2 /* BSNumbersCollectionCell.m in Sources */,
				8486B1661F6FCFF1002C3FE2 /* Date+CalendarView.swift in Sources */,
				8410092121ACF91200BAA7DF /* MenuCollectionCell.swift in Sources */,
				8486B1221F6FCCDB002C3FE2 /* BSNumbersCollectionHeaderView.m in Sources */,
				84B4D4C21F7E3FCB00FC85BE /* CycleThroughView.swift in Sources */,
			);
			runOnlyForDeploymentPostprocessing = 0;
		};
/* End PBXSourcesBuildPhase section */

/* Begin PBXVariantGroup section */
		84329F071F3D4F47008AD0B4 /* Main.storyboard */ = {
			isa = PBXVariantGroup;
			children = (
				84329F081F3D4F47008AD0B4 /* Base */,
			);
			name = Main.storyboard;
			sourceTree = "<group>";
		};
		84329F0C1F3D4F47008AD0B4 /* LaunchScreen.storyboard */ = {
			isa = PBXVariantGroup;
			children = (
				84329F0D1F3D4F47008AD0B4 /* Base */,
			);
			name = LaunchScreen.storyboard;
			sourceTree = "<group>";
		};
/* End PBXVariantGroup section */

/* Begin XCBuildConfiguration section */
		84329F101F3D4F47008AD0B4 /* Debug */ = {
			isa = XCBuildConfiguration;
			buildSettings = {
				ALWAYS_SEARCH_USER_PATHS = NO;
				CLANG_ANALYZER_LOCALIZABILITY_NONLOCALIZED = YES;
				CLANG_ANALYZER_NONNULL = YES;
				CLANG_ANALYZER_NUMBER_OBJECT_CONVERSION = YES_AGGRESSIVE;
				CLANG_CXX_LANGUAGE_STANDARD = "gnu++0x";
				CLANG_CXX_LIBRARY = "libc++";
				CLANG_ENABLE_MODULES = YES;
				CLANG_ENABLE_OBJC_ARC = YES;
				CLANG_WARN_BLOCK_CAPTURE_AUTORELEASING = YES;
				CLANG_WARN_BOOL_CONVERSION = YES;
				CLANG_WARN_COMMA = YES;
				CLANG_WARN_CONSTANT_CONVERSION = YES;
				CLANG_WARN_DEPRECATED_OBJC_IMPLEMENTATIONS = YES;
				CLANG_WARN_DIRECT_OBJC_ISA_USAGE = YES_ERROR;
				CLANG_WARN_DOCUMENTATION_COMMENTS = YES;
				CLANG_WARN_EMPTY_BODY = YES;
				CLANG_WARN_ENUM_CONVERSION = YES;
				CLANG_WARN_INFINITE_RECURSION = YES;
				CLANG_WARN_INT_CONVERSION = YES;
				CLANG_WARN_NON_LITERAL_NULL_CONVERSION = YES;
				CLANG_WARN_OBJC_IMPLICIT_RETAIN_SELF = YES;
				CLANG_WARN_OBJC_LITERAL_CONVERSION = YES;
				CLANG_WARN_OBJC_ROOT_CLASS = YES_ERROR;
				CLANG_WARN_RANGE_LOOP_ANALYSIS = YES;
				CLANG_WARN_STRICT_PROTOTYPES = YES;
				CLANG_WARN_SUSPICIOUS_MOVE = YES;
				CLANG_WARN_UNREACHABLE_CODE = YES;
				CLANG_WARN__DUPLICATE_METHOD_MATCH = YES;
				"CODE_SIGN_IDENTITY[sdk=iphoneos*]" = "iPhone Developer";
				COPY_PHASE_STRIP = NO;
				DEBUG_INFORMATION_FORMAT = dwarf;
				ENABLE_STRICT_OBJC_MSGSEND = YES;
				ENABLE_TESTABILITY = YES;
				GCC_C_LANGUAGE_STANDARD = gnu99;
				GCC_DYNAMIC_NO_PIC = NO;
				GCC_NO_COMMON_BLOCKS = YES;
				GCC_OPTIMIZATION_LEVEL = 0;
				GCC_PREPROCESSOR_DEFINITIONS = (
					"DEBUG=1",
					"$(inherited)",
				);
				GCC_WARN_64_TO_32_BIT_CONVERSION = YES;
				GCC_WARN_ABOUT_RETURN_TYPE = YES_ERROR;
				GCC_WARN_UNDECLARED_SELECTOR = YES;
				GCC_WARN_UNINITIALIZED_AUTOS = YES_AGGRESSIVE;
				GCC_WARN_UNUSED_FUNCTION = YES;
				GCC_WARN_UNUSED_VARIABLE = YES;
				IPHONEOS_DEPLOYMENT_TARGET = 10.3;
				MTL_ENABLE_DEBUG_INFO = YES;
				ONLY_ACTIVE_ARCH = YES;
				SDKROOT = iphoneos;
				SWIFT_ACTIVE_COMPILATION_CONDITIONS = DEBUG;
				SWIFT_OPTIMIZATION_LEVEL = "-Onone";
			};
			name = Debug;
		};
		84329F111F3D4F47008AD0B4 /* Release */ = {
			isa = XCBuildConfiguration;
			buildSettings = {
				ALWAYS_SEARCH_USER_PATHS = NO;
				CLANG_ANALYZER_LOCALIZABILITY_NONLOCALIZED = YES;
				CLANG_ANALYZER_NONNULL = YES;
				CLANG_ANALYZER_NUMBER_OBJECT_CONVERSION = YES_AGGRESSIVE;
				CLANG_CXX_LANGUAGE_STANDARD = "gnu++0x";
				CLANG_CXX_LIBRARY = "libc++";
				CLANG_ENABLE_MODULES = YES;
				CLANG_ENABLE_OBJC_ARC = YES;
				CLANG_WARN_BLOCK_CAPTURE_AUTORELEASING = YES;
				CLANG_WARN_BOOL_CONVERSION = YES;
				CLANG_WARN_COMMA = YES;
				CLANG_WARN_CONSTANT_CONVERSION = YES;
				CLANG_WARN_DEPRECATED_OBJC_IMPLEMENTATIONS = YES;
				CLANG_WARN_DIRECT_OBJC_ISA_USAGE = YES_ERROR;
				CLANG_WARN_DOCUMENTATION_COMMENTS = YES;
				CLANG_WARN_EMPTY_BODY = YES;
				CLANG_WARN_ENUM_CONVERSION = YES;
				CLANG_WARN_INFINITE_RECURSION = YES;
				CLANG_WARN_INT_CONVERSION = YES;
				CLANG_WARN_NON_LITERAL_NULL_CONVERSION = YES;
				CLANG_WARN_OBJC_IMPLICIT_RETAIN_SELF = YES;
				CLANG_WARN_OBJC_LITERAL_CONVERSION = YES;
				CLANG_WARN_OBJC_ROOT_CLASS = YES_ERROR;
				CLANG_WARN_RANGE_LOOP_ANALYSIS = YES;
				CLANG_WARN_STRICT_PROTOTYPES = YES;
				CLANG_WARN_SUSPICIOUS_MOVE = YES;
				CLANG_WARN_UNREACHABLE_CODE = YES;
				CLANG_WARN__DUPLICATE_METHOD_MATCH = YES;
				"CODE_SIGN_IDENTITY[sdk=iphoneos*]" = "iPhone Developer";
				COPY_PHASE_STRIP = NO;
				DEBUG_INFORMATION_FORMAT = "dwarf-with-dsym";
				ENABLE_NS_ASSERTIONS = NO;
				ENABLE_STRICT_OBJC_MSGSEND = YES;
				GCC_C_LANGUAGE_STANDARD = gnu99;
				GCC_NO_COMMON_BLOCKS = YES;
				GCC_WARN_64_TO_32_BIT_CONVERSION = YES;
				GCC_WARN_ABOUT_RETURN_TYPE = YES_ERROR;
				GCC_WARN_UNDECLARED_SELECTOR = YES;
				GCC_WARN_UNINITIALIZED_AUTOS = YES_AGGRESSIVE;
				GCC_WARN_UNUSED_FUNCTION = YES;
				GCC_WARN_UNUSED_VARIABLE = YES;
				IPHONEOS_DEPLOYMENT_TARGET = 10.3;
				MTL_ENABLE_DEBUG_INFO = NO;
				SDKROOT = iphoneos;
				SWIFT_OPTIMIZATION_LEVEL = "-Owholemodule";
				VALIDATE_PRODUCT = YES;
			};
			name = Release;
		};
		84329F131F3D4F47008AD0B4 /* Debug */ = {
			isa = XCBuildConfiguration;
			baseConfigurationReference = 78DEACC071D6AC0C2D52449D /* Pods-10000ui-swift.debug.xcconfig */;
			buildSettings = {
				ASSETCATALOG_COMPILER_APPICON_NAME = AppIcon;
				CLANG_ENABLE_MODULES = YES;
				DEVELOPMENT_TEAM = K894H4XBD8;
				INFOPLIST_FILE = "10000ui-swift/Info.plist";
				IPHONEOS_DEPLOYMENT_TARGET = 10.3;
				LD_RUNPATH_SEARCH_PATHS = "$(inherited) @executable_path/Frameworks";
				PRODUCT_BUNDLE_IDENTIFIER = "com.blurryssky.-0000ui-swift";
				PRODUCT_NAME = "$(TARGET_NAME)";
				SWIFT_OBJC_BRIDGING_HEADER = "10000ui-swift/10000ui-swift-Bridging-Header.h";
				SWIFT_OPTIMIZATION_LEVEL = "-Onone";
				SWIFT_VERSION = 5.0;
			};
			name = Debug;
		};
		84329F141F3D4F47008AD0B4 /* Release */ = {
			isa = XCBuildConfiguration;
			baseConfigurationReference = AB0FAEED9AE54A99280D78B2 /* Pods-10000ui-swift.release.xcconfig */;
			buildSettings = {
				ASSETCATALOG_COMPILER_APPICON_NAME = AppIcon;
				CLANG_ENABLE_MODULES = YES;
				DEVELOPMENT_TEAM = K894H4XBD8;
				INFOPLIST_FILE = "10000ui-swift/Info.plist";
				IPHONEOS_DEPLOYMENT_TARGET = 10.3;
				LD_RUNPATH_SEARCH_PATHS = "$(inherited) @executable_path/Frameworks";
				PRODUCT_BUNDLE_IDENTIFIER = "com.blurryssky.-0000ui-swift";
				PRODUCT_NAME = "$(TARGET_NAME)";
				SWIFT_OBJC_BRIDGING_HEADER = "10000ui-swift/10000ui-swift-Bridging-Header.h";
				SWIFT_VERSION = 5.0;
			};
			name = Release;
		};
/* End XCBuildConfiguration section */

/* Begin XCConfigurationList section */
		84329EFB1F3D4F47008AD0B4 /* Build configuration list for PBXProject "10000ui-swift" */ = {
			isa = XCConfigurationList;
			buildConfigurations = (
				84329F101F3D4F47008AD0B4 /* Debug */,
				84329F111F3D4F47008AD0B4 /* Release */,
			);
			defaultConfigurationIsVisible = 0;
			defaultConfigurationName = Release;
		};
		84329F121F3D4F47008AD0B4 /* Build configuration list for PBXNativeTarget "10000ui-swift" */ = {
			isa = XCConfigurationList;
			buildConfigurations = (
				84329F131F3D4F47008AD0B4 /* Debug */,
				84329F141F3D4F47008AD0B4 /* Release */,
			);
			defaultConfigurationIsVisible = 0;
			defaultConfigurationName = Release;
		};
/* End XCConfigurationList section */
	};
	rootObject = 84329EF81F3D4F47008AD0B4 /* Project object */;
}
